
Microsoft Visual Studio Solution File, Format Version 12.00
# Visual Studio Version 17
VisualStudioVersion = 17.2.32630.192
MinimumVisualStudioVersion = 10.0.40219.1
Project("{9A19103F-16F7-4668-BE54-9A1E7A4F7556}") = "R5T.F0016.Construction", "R5T.F0016.Construction\R5T.F0016.Construction.csproj", "{6B5D007A-767E-4182-B78C-C06BDEFF9DFA}"
EndProject
Project("{9A19103F-16F7-4668-BE54-9A1E7A4F7556}") = "R5T.F0016", "R5T.F0016\R5T.F0016.csproj", "{F82DBC30-2F3E-4358-A517-D7072E398E48}"
EndProject
Project("{2150E333-8FDC-42A3-9474-1A3956D46DE8}") = "_Dependencies", "_Dependencies", "{2FE451D2-15C2-49E2-9C31-6B5C358524E4}"
EndProject
Project("{9A19103F-16F7-4668-BE54-9A1E7A4F7556}") = "R5T.T0132", "..\..\R5T.T0132\source\R5T.T0132\R5T.T0132.csproj", "{6B7EBA62-6F2C-4826-8CC8-810D0FC04317}"
EndProject
Project("{9A19103F-16F7-4668-BE54-9A1E7A4F7556}") = "R5T.T0141", "..\..\R5T.T0141\source\R5T.T0141\R5T.T0141.csproj", "{DFC25442-DB01-4C70-ADF7-2635DFF6B253}"
EndProject
Project("{9A19103F-16F7-4668-BE54-9A1E7A4F7556}") = "R5T.F0020", "..\..\R5T.F0020\source\R5T.F0020\R5T.F0020.csproj", "{EDA97963-8A9B-4029-AB2B-7C2B89A72D68}"
EndProject
Project("{9A19103F-16F7-4668-BE54-9A1E7A4F7556}") = "R5T.F0002", "..\..\R5T.F0002\source\R5T.F0002\R5T.F0002.csproj", "{FB322D07-E871-42BB-BEB1-01C7DC8D2B28}"
EndProject
Project("{9A19103F-16F7-4668-BE54-9A1E7A4F7556}") = "R5T.F0000", "..\..\R5T.F0000\source\R5T.F0000\R5T.F0000.csproj", "{B24415BB-4FF8-4C9E-9B05-1CC548494023}"
EndProject
Project("{9A19103F-16F7-4668-BE54-9A1E7A4F7556}") = "R5T.T0143", "..\..\R5T.T0143\source\R5T.T0143\R5T.T0143.csproj", "{DEC57AFE-C9CF-4876-8862-934DFC6EEEF1}"
EndProject
Project("{9A19103F-16F7-4668-BE54-9A1E7A4F7556}") = "R5T.Z0000", "..\..\R5T.Z0000\source\R5T.Z0000\R5T.Z0000.csproj", "{5970FAB7-9F14-4829-AB5D-F6C5F2CD7F92}"
EndProject
Project("{9A19103F-16F7-4668-BE54-9A1E7A4F7556}") = "R5T.T0131", "..\..\R5T.T0131\source\R5T.T0131\R5T.T0131.csproj", "{FFAA5AAE-A592-42C5-ABBD-F98F9BFB85E7}"
EndProject
Project("{9A19103F-16F7-4668-BE54-9A1E7A4F7556}") = "R5T.Y0000", "..\..\R5T.Y0000\source\R5T.Y0000\R5T.Y0000.csproj", "{09965C46-401D-48A1-B79E-D64F79D583C6}"
EndProject
Project("{9A19103F-16F7-4668-BE54-9A1E7A4F7556}") = "R5T.F0033", "..\..\R5T.F0033\source\R5T.F0033\R5T.F0033.csproj", "{92C08E18-7FF2-4509-9C25-8BC6B987E510}"
EndProject
Project("{9A19103F-16F7-4668-BE54-9A1E7A4F7556}") = "R5T.F0016.F001", "R5T.F0016.F001\R5T.F0016.F001.csproj", "{90F9850A-A7A9-4B5B-8C67-307640B8B93E}"
EndProject
Project("{9A19103F-16F7-4668-BE54-9A1E7A4F7556}") = "R5T.Z0018", "..\..\R5T.Z0018.Private\source\R5T.Z0018\R5T.Z0018.csproj", "{4F29C44B-9B62-4D7B-BA55-714B78CF1E7A}"
EndProject
Project("{9A19103F-16F7-4668-BE54-9A1E7A4F7556}") = "R5T.T0120", "..\..\R5T.T0120\source\R5T.T0120\R5T.T0120.csproj", "{E091AA56-CDB7-4B4B-A766-E4C5423C7146}"
EndProject
Project("{9A19103F-16F7-4668-BE54-9A1E7A4F7556}") = "R5T.Z0015", "..\..\R5T.Z0015\source\R5T.Z0015\R5T.Z0015.csproj", "{24340D4F-6D10-4AAB-B1B7-88492F5554AF}"
EndProject
Project("{9A19103F-16F7-4668-BE54-9A1E7A4F7556}") = "R5T.F0000.T000", "..\..\R5T.F0000\source\R5T.F0000.T000\R5T.F0000.T000.csproj", "{28E70EFF-313D-4D57-80D6-1DF418DD707D}"
EndProject
Project("{9A19103F-16F7-4668-BE54-9A1E7A4F7556}") = "R5T.F0040.F000", "..\..\R5T.F0040\source\R5T.F0040.F000\R5T.F0040.F000.csproj", "{67FF124E-3AF9-414C-93AD-12584A13B4E4}"
EndProject
Project("{9A19103F-16F7-4668-BE54-9A1E7A4F7556}") = "R5T.T0142", "..\..\R5T.T0142\source\R5T.T0142\R5T.T0142.csproj", "{1DA87E77-AEDA-40CB-86E8-D713EAB478A5}"
EndProject
Project("{9A19103F-16F7-4668-BE54-9A1E7A4F7556}") = "R5T.T0152", "..\..\R5T.T0152\source\R5T.T0152\R5T.T0152.csproj", "{096C5D68-4D5F-4FD6-957C-E9472B285FDB}"
EndProject
Project("{9A19103F-16F7-4668-BE54-9A1E7A4F7556}") = "R5T.T0156", "..\..\R5T.T0156\source\R5T.T0156\R5T.T0156.csproj", "{F0E954EC-22AA-4574-97C9-6768D1EC2F58}"
EndProject
Global
	GlobalSection(NestedProjects) = preSolution
		{6B7EBA62-6F2C-4826-8CC8-810D0FC04317} = {2FE451D2-15C2-49E2-9C31-6B5C358524E4}
		{DFC25442-DB01-4C70-ADF7-2635DFF6B253} = {2FE451D2-15C2-49E2-9C31-6B5C358524E4}
		{EDA97963-8A9B-4029-AB2B-7C2B89A72D68} = {2FE451D2-15C2-49E2-9C31-6B5C358524E4}
		{FB322D07-E871-42BB-BEB1-01C7DC8D2B28} = {2FE451D2-15C2-49E2-9C31-6B5C358524E4}
		{B24415BB-4FF8-4C9E-9B05-1CC548494023} = {2FE451D2-15C2-49E2-9C31-6B5C358524E4}
		{DEC57AFE-C9CF-4876-8862-934DFC6EEEF1} = {2FE451D2-15C2-49E2-9C31-6B5C358524E4}
		{5970FAB7-9F14-4829-AB5D-F6C5F2CD7F92} = {2FE451D2-15C2-49E2-9C31-6B5C358524E4}
		{FFAA5AAE-A592-42C5-ABBD-F98F9BFB85E7} = {2FE451D2-15C2-49E2-9C31-6B5C358524E4}
		{09965C46-401D-48A1-B79E-D64F79D583C6} = {2FE451D2-15C2-49E2-9C31-6B5C358524E4}
		{92C08E18-7FF2-4509-9C25-8BC6B987E510} = {2FE451D2-15C2-49E2-9C31-6B5C358524E4}
		{4F29C44B-9B62-4D7B-BA55-714B78CF1E7A} = {2FE451D2-15C2-49E2-9C31-6B5C358524E4}
		{E091AA56-CDB7-4B4B-A766-E4C5423C7146} = {2FE451D2-15C2-49E2-9C31-6B5C358524E4}
		{24340D4F-6D10-4AAB-B1B7-88492F5554AF} = {2FE451D2-15C2-49E2-9C31-6B5C358524E4}
		{28E70EFF-313D-4D57-80D6-1DF418DD707D} = {2FE451D2-15C2-49E2-9C31-6B5C358524E4}
		{67FF124E-3AF9-414C-93AD-12584A13B4E4} = {2FE451D2-15C2-49E2-9C31-6B5C358524E4}
		{1DA87E77-AEDA-40CB-86E8-D713EAB478A5} = {2FE451D2-15C2-49E2-9C31-6B5C358524E4}
		{096C5D68-4D5F-4FD6-957C-E9472B285FDB} = {2FE451D2-15C2-49E2-9C31-6B5C358524E4}
		{F0E954EC-22AA-4574-97C9-6768D1EC2F58} = {2FE451D2-15C2-49E2-9C31-6B5C358524E4}
	EndGlobalSection
	GlobalSection(SolutionConfigurationPlatforms) = preSolution
		Debug|Any CPU = Debug|Any CPU
		Debug|x64 = Debug|x64
		Debug|x86 = Debug|x86
		Release|Any CPU = Release|Any CPU
		Release|x64 = Release|x64
		Release|x86 = Release|x86
	EndGlobalSection
	GlobalSection(ProjectConfigurationPlatforms) = postSolution
		{6B5D007A-767E-4182-B78C-C06BDEFF9DFA}.Debug|Any CPU.ActiveCfg = Debug|Any CPU
		{6B5D007A-767E-4182-B78C-C06BDEFF9DFA}.Debug|Any CPU.Build.0 = Debug|Any CPU
		{6B5D007A-767E-4182-B78C-C06BDEFF9DFA}.Debug|x64.ActiveCfg = Debug|Any CPU
		{6B5D007A-767E-4182-B78C-C06BDEFF9DFA}.Debug|x64.Build.0 = Debug|Any CPU
		{6B5D007A-767E-4182-B78C-C06BDEFF9DFA}.Debug|x86.ActiveCfg = Debug|Any CPU
		{6B5D007A-767E-4182-B78C-C06BDEFF9DFA}.Debug|x86.Build.0 = Debug|Any CPU
		{6B5D007A-767E-4182-B78C-C06BDEFF9DFA}.Release|Any CPU.ActiveCfg = Release|Any CPU
		{6B5D007A-767E-4182-B78C-C06BDEFF9DFA}.Release|Any CPU.Build.0 = Release|Any CPU
		{6B5D007A-767E-4182-B78C-C06BDEFF9DFA}.Release|x64.ActiveCfg = Release|Any CPU
		{6B5D007A-767E-4182-B78C-C06BDEFF9DFA}.Release|x64.Build.0 = Release|Any CPU
		{6B5D007A-767E-4182-B78C-C06BDEFF9DFA}.Release|x86.ActiveCfg = Release|Any CPU
		{6B5D007A-767E-4182-B78C-C06BDEFF9DFA}.Release|x86.Build.0 = Release|Any CPU
		{F82DBC30-2F3E-4358-A517-D7072E398E48}.Debug|Any CPU.ActiveCfg = Debug|Any CPU
		{F82DBC30-2F3E-4358-A517-D7072E398E48}.Debug|Any CPU.Build.0 = Debug|Any CPU
		{F82DBC30-2F3E-4358-A517-D7072E398E48}.Debug|x64.ActiveCfg = Debug|Any CPU
		{F82DBC30-2F3E-4358-A517-D7072E398E48}.Debug|x64.Build.0 = Debug|Any CPU
		{F82DBC30-2F3E-4358-A517-D7072E398E48}.Debug|x86.ActiveCfg = Debug|Any CPU
		{F82DBC30-2F3E-4358-A517-D7072E398E48}.Debug|x86.Build.0 = Debug|Any CPU
		{F82DBC30-2F3E-4358-A517-D7072E398E48}.Release|Any CPU.ActiveCfg = Release|Any CPU
		{F82DBC30-2F3E-4358-A517-D7072E398E48}.Release|Any CPU.Build.0 = Release|Any CPU
		{F82DBC30-2F3E-4358-A517-D7072E398E48}.Release|x64.ActiveCfg = Release|Any CPU
		{F82DBC30-2F3E-4358-A517-D7072E398E48}.Release|x64.Build.0 = Release|Any CPU
		{F82DBC30-2F3E-4358-A517-D7072E398E48}.Release|x86.ActiveCfg = Release|Any CPU
		{F82DBC30-2F3E-4358-A517-D7072E398E48}.Release|x86.Build.0 = Release|Any CPU
		{6B7EBA62-6F2C-4826-8CC8-810D0FC04317}.Debug|Any CPU.ActiveCfg = Debug|Any CPU
		{6B7EBA62-6F2C-4826-8CC8-810D0FC04317}.Debug|Any CPU.Build.0 = Debug|Any CPU
		{6B7EBA62-6F2C-4826-8CC8-810D0FC04317}.Debug|x64.ActiveCfg = Debug|Any CPU
		{6B7EBA62-6F2C-4826-8CC8-810D0FC04317}.Debug|x64.Build.0 = Debug|Any CPU
		{6B7EBA62-6F2C-4826-8CC8-810D0FC04317}.Debug|x86.ActiveCfg = Debug|Any CPU
		{6B7EBA62-6F2C-4826-8CC8-810D0FC04317}.Debug|x86.Build.0 = Debug|Any CPU
		{6B7EBA62-6F2C-4826-8CC8-810D0FC04317}.Release|Any CPU.ActiveCfg = Release|Any CPU
		{6B7EBA62-6F2C-4826-8CC8-810D0FC04317}.Release|Any CPU.Build.0 = Release|Any CPU
		{6B7EBA62-6F2C-4826-8CC8-810D0FC04317}.Release|x64.ActiveCfg = Release|Any CPU
		{6B7EBA62-6F2C-4826-8CC8-810D0FC04317}.Release|x64.Build.0 = Release|Any CPU
		{6B7EBA62-6F2C-4826-8CC8-810D0FC04317}.Release|x86.ActiveCfg = Release|Any CPU
		{6B7EBA62-6F2C-4826-8CC8-810D0FC04317}.Release|x86.Build.0 = Release|Any CPU
		{DFC25442-DB01-4C70-ADF7-2635DFF6B253}.Debug|Any CPU.ActiveCfg = Debug|Any CPU
		{DFC25442-DB01-4C70-ADF7-2635DFF6B253}.Debug|Any CPU.Build.0 = Debug|Any CPU
		{DFC25442-DB01-4C70-ADF7-2635DFF6B253}.Debug|x64.ActiveCfg = Debug|Any CPU
		{DFC25442-DB01-4C70-ADF7-2635DFF6B253}.Debug|x64.Build.0 = Debug|Any CPU
		{DFC25442-DB01-4C70-ADF7-2635DFF6B253}.Debug|x86.ActiveCfg = Debug|Any CPU
		{DFC25442-DB01-4C70-ADF7-2635DFF6B253}.Debug|x86.Build.0 = Debug|Any CPU
		{DFC25442-DB01-4C70-ADF7-2635DFF6B253}.Release|Any CPU.ActiveCfg = Release|Any CPU
		{DFC25442-DB01-4C70-ADF7-2635DFF6B253}.Release|Any CPU.Build.0 = Release|Any CPU
		{DFC25442-DB01-4C70-ADF7-2635DFF6B253}.Release|x64.ActiveCfg = Release|Any CPU
		{DFC25442-DB01-4C70-ADF7-2635DFF6B253}.Release|x64.Build.0 = Release|Any CPU
		{DFC25442-DB01-4C70-ADF7-2635DFF6B253}.Release|x86.ActiveCfg = Release|Any CPU
		{DFC25442-DB01-4C70-ADF7-2635DFF6B253}.Release|x86.Build.0 = Release|Any CPU
		{EDA97963-8A9B-4029-AB2B-7C2B89A72D68}.Debug|Any CPU.ActiveCfg = Debug|Any CPU
		{EDA97963-8A9B-4029-AB2B-7C2B89A72D68}.Debug|Any CPU.Build.0 = Debug|Any CPU
		{EDA97963-8A9B-4029-AB2B-7C2B89A72D68}.Debug|x64.ActiveCfg = Debug|Any CPU
		{EDA97963-8A9B-4029-AB2B-7C2B89A72D68}.Debug|x64.Build.0 = Debug|Any CPU
		{EDA97963-8A9B-4029-AB2B-7C2B89A72D68}.Debug|x86.ActiveCfg = Debug|Any CPU
		{EDA97963-8A9B-4029-AB2B-7C2B89A72D68}.Debug|x86.Build.0 = Debug|Any CPU
		{EDA97963-8A9B-4029-AB2B-7C2B89A72D68}.Release|Any CPU.ActiveCfg = Release|Any CPU
		{EDA97963-8A9B-4029-AB2B-7C2B89A72D68}.Release|Any CPU.Build.0 = Release|Any CPU
		{EDA97963-8A9B-4029-AB2B-7C2B89A72D68}.Release|x64.ActiveCfg = Release|Any CPU
		{EDA97963-8A9B-4029-AB2B-7C2B89A72D68}.Release|x64.Build.0 = Release|Any CPU
		{EDA97963-8A9B-4029-AB2B-7C2B89A72D68}.Release|x86.ActiveCfg = Release|Any CPU
		{EDA97963-8A9B-4029-AB2B-7C2B89A72D68}.Release|x86.Build.0 = Release|Any CPU
		{FB322D07-E871-42BB-BEB1-01C7DC8D2B28}.Debug|Any CPU.ActiveCfg = Debug|Any CPU
		{FB322D07-E871-42BB-BEB1-01C7DC8D2B28}.Debug|Any CPU.Build.0 = Debug|Any CPU
		{FB322D07-E871-42BB-BEB1-01C7DC8D2B28}.Debug|x64.ActiveCfg = Debug|Any CPU
		{FB322D07-E871-42BB-BEB1-01C7DC8D2B28}.Debug|x64.Build.0 = Debug|Any CPU
		{FB322D07-E871-42BB-BEB1-01C7DC8D2B28}.Debug|x86.ActiveCfg = Debug|Any CPU
		{FB322D07-E871-42BB-BEB1-01C7DC8D2B28}.Debug|x86.Build.0 = Debug|Any CPU
		{FB322D07-E871-42BB-BEB1-01C7DC8D2B28}.Release|Any CPU.ActiveCfg = Release|Any CPU
		{FB322D07-E871-42BB-BEB1-01C7DC8D2B28}.Release|Any CPU.Build.0 = Release|Any CPU
		{FB322D07-E871-42BB-BEB1-01C7DC8D2B28}.Release|x64.ActiveCfg = Release|Any CPU
		{FB322D07-E871-42BB-BEB1-01C7DC8D2B28}.Release|x64.Build.0 = Release|Any CPU
		{FB322D07-E871-42BB-BEB1-01C7DC8D2B28}.Release|x86.ActiveCfg = Release|Any CPU
		{FB322D07-E871-42BB-BEB1-01C7DC8D2B28}.Release|x86.Build.0 = Release|Any CPU
		{B24415BB-4FF8-4C9E-9B05-1CC548494023}.Debug|Any CPU.ActiveCfg = Debug|Any CPU
		{B24415BB-4FF8-4C9E-9B05-1CC548494023}.Debug|Any CPU.Build.0 = Debug|Any CPU
		{B24415BB-4FF8-4C9E-9B05-1CC548494023}.Debug|x64.ActiveCfg = Debug|Any CPU
		{B24415BB-4FF8-4C9E-9B05-1CC548494023}.Debug|x64.Build.0 = Debug|Any CPU
		{B24415BB-4FF8-4C9E-9B05-1CC548494023}.Debug|x86.ActiveCfg = Debug|Any CPU
		{B24415BB-4FF8-4C9E-9B05-1CC548494023}.Debug|x86.Build.0 = Debug|Any CPU
		{B24415BB-4FF8-4C9E-9B05-1CC548494023}.Release|Any CPU.ActiveCfg = Release|Any CPU
		{B24415BB-4FF8-4C9E-9B05-1CC548494023}.Release|Any CPU.Build.0 = Release|Any CPU
		{B24415BB-4FF8-4C9E-9B05-1CC548494023}.Release|x64.ActiveCfg = Release|Any CPU
		{B24415BB-4FF8-4C9E-9B05-1CC548494023}.Release|x64.Build.0 = Release|Any CPU
		{B24415BB-4FF8-4C9E-9B05-1CC548494023}.Release|x86.ActiveCfg = Release|Any CPU
		{B24415BB-4FF8-4C9E-9B05-1CC548494023}.Release|x86.Build.0 = Release|Any CPU
		{DEC57AFE-C9CF-4876-8862-934DFC6EEEF1}.Debug|Any CPU.ActiveCfg = Debug|Any CPU
		{DEC57AFE-C9CF-4876-8862-934DFC6EEEF1}.Debug|Any CPU.Build.0 = Debug|Any CPU
		{DEC57AFE-C9CF-4876-8862-934DFC6EEEF1}.Debug|x64.ActiveCfg = Debug|Any CPU
		{DEC57AFE-C9CF-4876-8862-934DFC6EEEF1}.Debug|x64.Build.0 = Debug|Any CPU
		{DEC57AFE-C9CF-4876-8862-934DFC6EEEF1}.Debug|x86.ActiveCfg = Debug|Any CPU
		{DEC57AFE-C9CF-4876-8862-934DFC6EEEF1}.Debug|x86.Build.0 = Debug|Any CPU
		{DEC57AFE-C9CF-4876-8862-934DFC6EEEF1}.Release|Any CPU.ActiveCfg = Release|Any CPU
		{DEC57AFE-C9CF-4876-8862-934DFC6EEEF1}.Release|Any CPU.Build.0 = Release|Any CPU
		{DEC57AFE-C9CF-4876-8862-934DFC6EEEF1}.Release|x64.ActiveCfg = Release|Any CPU
		{DEC57AFE-C9CF-4876-8862-934DFC6EEEF1}.Release|x64.Build.0 = Release|Any CPU
		{DEC57AFE-C9CF-4876-8862-934DFC6EEEF1}.Release|x86.ActiveCfg = Release|Any CPU
		{DEC57AFE-C9CF-4876-8862-934DFC6EEEF1}.Release|x86.Build.0 = Release|Any CPU
		{5970FAB7-9F14-4829-AB5D-F6C5F2CD7F92}.Debug|Any CPU.ActiveCfg = Debug|Any CPU
		{5970FAB7-9F14-4829-AB5D-F6C5F2CD7F92}.Debug|Any CPU.Build.0 = Debug|Any CPU
		{5970FAB7-9F14-4829-AB5D-F6C5F2CD7F92}.Debug|x64.ActiveCfg = Debug|Any CPU
		{5970FAB7-9F14-4829-AB5D-F6C5F2CD7F92}.Debug|x64.Build.0 = Debug|Any CPU
		{5970FAB7-9F14-4829-AB5D-F6C5F2CD7F92}.Debug|x86.ActiveCfg = Debug|Any CPU
		{5970FAB7-9F14-4829-AB5D-F6C5F2CD7F92}.Debug|x86.Build.0 = Debug|Any CPU
		{5970FAB7-9F14-4829-AB5D-F6C5F2CD7F92}.Release|Any CPU.ActiveCfg = Release|Any CPU
		{5970FAB7-9F14-4829-AB5D-F6C5F2CD7F92}.Release|Any CPU.Build.0 = Release|Any CPU
		{5970FAB7-9F14-4829-AB5D-F6C5F2CD7F92}.Release|x64.ActiveCfg = Release|Any CPU
		{5970FAB7-9F14-4829-AB5D-F6C5F2CD7F92}.Release|x64.Build.0 = Release|Any CPU
		{5970FAB7-9F14-4829-AB5D-F6C5F2CD7F92}.Release|x86.ActiveCfg = Release|Any CPU
		{5970FAB7-9F14-4829-AB5D-F6C5F2CD7F92}.Release|x86.Build.0 = Release|Any CPU
		{FFAA5AAE-A592-42C5-ABBD-F98F9BFB85E7}.Debug|Any CPU.ActiveCfg = Debug|Any CPU
		{FFAA5AAE-A592-42C5-ABBD-F98F9BFB85E7}.Debug|Any CPU.Build.0 = Debug|Any CPU
		{FFAA5AAE-A592-42C5-ABBD-F98F9BFB85E7}.Debug|x64.ActiveCfg = Debug|Any CPU
		{FFAA5AAE-A592-42C5-ABBD-F98F9BFB85E7}.Debug|x64.Build.0 = Debug|Any CPU
		{FFAA5AAE-A592-42C5-ABBD-F98F9BFB85E7}.Debug|x86.ActiveCfg = Debug|Any CPU
		{FFAA5AAE-A592-42C5-ABBD-F98F9BFB85E7}.Debug|x86.Build.0 = Debug|Any CPU
		{FFAA5AAE-A592-42C5-ABBD-F98F9BFB85E7}.Release|Any CPU.ActiveCfg = Release|Any CPU
		{FFAA5AAE-A592-42C5-ABBD-F98F9BFB85E7}.Release|Any CPU.Build.0 = Release|Any CPU
		{FFAA5AAE-A592-42C5-ABBD-F98F9BFB85E7}.Release|x64.ActiveCfg = Release|Any CPU
		{FFAA5AAE-A592-42C5-ABBD-F98F9BFB85E7}.Release|x64.Build.0 = Release|Any CPU
		{FFAA5AAE-A592-42C5-ABBD-F98F9BFB85E7}.Release|x86.ActiveCfg = Release|Any CPU
		{FFAA5AAE-A592-42C5-ABBD-F98F9BFB85E7}.Release|x86.Build.0 = Release|Any CPU
		{09965C46-401D-48A1-B79E-D64F79D583C6}.Debug|Any CPU.ActiveCfg = Debug|Any CPU
		{09965C46-401D-48A1-B79E-D64F79D583C6}.Debug|Any CPU.Build.0 = Debug|Any CPU
		{09965C46-401D-48A1-B79E-D64F79D583C6}.Debug|x64.ActiveCfg = Debug|Any CPU
		{09965C46-401D-48A1-B79E-D64F79D583C6}.Debug|x64.Build.0 = Debug|Any CPU
		{09965C46-401D-48A1-B79E-D64F79D583C6}.Debug|x86.ActiveCfg = Debug|Any CPU
		{09965C46-401D-48A1-B79E-D64F79D583C6}.Debug|x86.Build.0 = Debug|Any CPU
		{09965C46-401D-48A1-B79E-D64F79D583C6}.Release|Any CPU.ActiveCfg = Release|Any CPU
		{09965C46-401D-48A1-B79E-D64F79D583C6}.Release|Any CPU.Build.0 = Release|Any CPU
		{09965C46-401D-48A1-B79E-D64F79D583C6}.Release|x64.ActiveCfg = Release|Any CPU
		{09965C46-401D-48A1-B79E-D64F79D583C6}.Release|x64.Build.0 = Release|Any CPU
		{09965C46-401D-48A1-B79E-D64F79D583C6}.Release|x86.ActiveCfg = Release|Any CPU
		{09965C46-401D-48A1-B79E-D64F79D583C6}.Release|x86.Build.0 = Release|Any CPU
		{92C08E18-7FF2-4509-9C25-8BC6B987E510}.Debug|Any CPU.ActiveCfg = Debug|Any CPU
		{92C08E18-7FF2-4509-9C25-8BC6B987E510}.Debug|Any CPU.Build.0 = Debug|Any CPU
		{92C08E18-7FF2-4509-9C25-8BC6B987E510}.Debug|x64.ActiveCfg = Debug|Any CPU
		{92C08E18-7FF2-4509-9C25-8BC6B987E510}.Debug|x64.Build.0 = Debug|Any CPU
		{92C08E18-7FF2-4509-9C25-8BC6B987E510}.Debug|x86.ActiveCfg = Debug|Any CPU
		{92C08E18-7FF2-4509-9C25-8BC6B987E510}.Debug|x86.Build.0 = Debug|Any CPU
		{92C08E18-7FF2-4509-9C25-8BC6B987E510}.Release|Any CPU.ActiveCfg = Release|Any CPU
		{92C08E18-7FF2-4509-9C25-8BC6B987E510}.Release|Any CPU.Build.0 = Release|Any CPU
		{92C08E18-7FF2-4509-9C25-8BC6B987E510}.Release|x64.ActiveCfg = Release|Any CPU
		{92C08E18-7FF2-4509-9C25-8BC6B987E510}.Release|x64.Build.0 = Release|Any CPU
		{92C08E18-7FF2-4509-9C25-8BC6B987E510}.Release|x86.ActiveCfg = Release|Any CPU
		{92C08E18-7FF2-4509-9C25-8BC6B987E510}.Release|x86.Build.0 = Release|Any CPU
		{90F9850A-A7A9-4B5B-8C67-307640B8B93E}.Debug|Any CPU.ActiveCfg = Debug|Any CPU
		{90F9850A-A7A9-4B5B-8C67-307640B8B93E}.Debug|Any CPU.Build.0 = Debug|Any CPU
		{90F9850A-A7A9-4B5B-8C67-307640B8B93E}.Debug|x64.ActiveCfg = Debug|Any CPU
		{90F9850A-A7A9-4B5B-8C67-307640B8B93E}.Debug|x64.Build.0 = Debug|Any CPU
		{90F9850A-A7A9-4B5B-8C67-307640B8B93E}.Debug|x86.ActiveCfg = Debug|Any CPU
		{90F9850A-A7A9-4B5B-8C67-307640B8B93E}.Debug|x86.Build.0 = Debug|Any CPU
		{90F9850A-A7A9-4B5B-8C67-307640B8B93E}.Release|Any CPU.ActiveCfg = Release|Any CPU
		{90F9850A-A7A9-4B5B-8C67-307640B8B93E}.Release|Any CPU.Build.0 = Release|Any CPU
		{90F9850A-A7A9-4B5B-8C67-307640B8B93E}.Release|x64.ActiveCfg = Release|Any CPU
		{90F9850A-A7A9-4B5B-8C67-307640B8B93E}.Release|x64.Build.0 = Release|Any CPU
		{90F9850A-A7A9-4B5B-8C67-307640B8B93E}.Release|x86.ActiveCfg = Release|Any CPU
		{90F9850A-A7A9-4B5B-8C67-307640B8B93E}.Release|x86.Build.0 = Release|Any CPU
		{4F29C44B-9B62-4D7B-BA55-714B78CF1E7A}.Debug|Any CPU.ActiveCfg = Debug|Any CPU
		{4F29C44B-9B62-4D7B-BA55-714B78CF1E7A}.Debug|Any CPU.Build.0 = Debug|Any CPU
		{4F29C44B-9B62-4D7B-BA55-714B78CF1E7A}.Debug|x64.ActiveCfg = Debug|Any CPU
		{4F29C44B-9B62-4D7B-BA55-714B78CF1E7A}.Debug|x64.Build.0 = Debug|Any CPU
		{4F29C44B-9B62-4D7B-BA55-714B78CF1E7A}.Debug|x86.ActiveCfg = Debug|Any CPU
		{4F29C44B-9B62-4D7B-BA55-714B78CF1E7A}.Debug|x86.Build.0 = Debug|Any CPU
		{4F29C44B-9B62-4D7B-BA55-714B78CF1E7A}.Release|Any CPU.ActiveCfg = Release|Any CPU
		{4F29C44B-9B62-4D7B-BA55-714B78CF1E7A}.Release|Any CPU.Build.0 = Release|Any CPU
		{4F29C44B-9B62-4D7B-BA55-714B78CF1E7A}.Release|x64.ActiveCfg = Release|Any CPU
		{4F29C44B-9B62-4D7B-BA55-714B78CF1E7A}.Release|x64.Build.0 = Release|Any CPU
		{4F29C44B-9B62-4D7B-BA55-714B78CF1E7A}.Release|x86.ActiveCfg = Release|Any CPU
		{4F29C44B-9B62-4D7B-BA55-714B78CF1E7A}.Release|x86.Build.0 = Release|Any CPU
		{E091AA56-CDB7-4B4B-A766-E4C5423C7146}.Debug|Any CPU.ActiveCfg = Debug|Any CPU
		{E091AA56-CDB7-4B4B-A766-E4C5423C7146}.Debug|Any CPU.Build.0 = Debug|Any CPU
		{E091AA56-CDB7-4B4B-A766-E4C5423C7146}.Debug|x64.ActiveCfg = Debug|Any CPU
		{E091AA56-CDB7-4B4B-A766-E4C5423C7146}.Debug|x64.Build.0 = Debug|Any CPU
		{E091AA56-CDB7-4B4B-A766-E4C5423C7146}.Debug|x86.ActiveCfg = Debug|Any CPU
		{E091AA56-CDB7-4B4B-A766-E4C5423C7146}.Debug|x86.Build.0 = Debug|Any CPU
		{E091AA56-CDB7-4B4B-A766-E4C5423C7146}.Release|Any CPU.ActiveCfg = Release|Any CPU
		{E091AA56-CDB7-4B4B-A766-E4C5423C7146}.Release|Any CPU.Build.0 = Release|Any CPU
		{E091AA56-CDB7-4B4B-A766-E4C5423C7146}.Release|x64.ActiveCfg = Release|Any CPU
		{E091AA56-CDB7-4B4B-A766-E4C5423C7146}.Release|x64.Build.0 = Release|Any CPU
		{E091AA56-CDB7-4B4B-A766-E4C5423C7146}.Release|x86.ActiveCfg = Release|Any CPU
		{E091AA56-CDB7-4B4B-A766-E4C5423C7146}.Release|x86.Build.0 = Release|Any CPU
		{24340D4F-6D10-4AAB-B1B7-88492F5554AF}.Debug|Any CPU.ActiveCfg = Debug|Any CPU
		{24340D4F-6D10-4AAB-B1B7-88492F5554AF}.Debug|Any CPU.Build.0 = Debug|Any CPU
		{24340D4F-6D10-4AAB-B1B7-88492F5554AF}.Debug|x64.ActiveCfg = Debug|Any CPU
		{24340D4F-6D10-4AAB-B1B7-88492F5554AF}.Debug|x64.Build.0 = Debug|Any CPU
		{24340D4F-6D10-4AAB-B1B7-88492F5554AF}.Debug|x86.ActiveCfg = Debug|Any CPU
		{24340D4F-6D10-4AAB-B1B7-88492F5554AF}.Debug|x86.Build.0 = Debug|Any CPU
		{24340D4F-6D10-4AAB-B1B7-88492F5554AF}.Release|Any CPU.ActiveCfg = Release|Any CPU
		{24340D4F-6D10-4AAB-B1B7-88492F5554AF}.Release|Any CPU.Build.0 = Release|Any CPU
		{24340D4F-6D10-4AAB-B1B7-88492F5554AF}.Release|x64.ActiveCfg = Release|Any CPU
		{24340D4F-6D10-4AAB-B1B7-88492F5554AF}.Release|x64.Build.0 = Release|Any CPU
		{24340D4F-6D10-4AAB-B1B7-88492F5554AF}.Release|x86.ActiveCfg = Release|Any CPU
		{24340D4F-6D10-4AAB-B1B7-88492F5554AF}.Release|x86.Build.0 = Release|Any CPU
		{28E70EFF-313D-4D57-80D6-1DF418DD707D}.Debug|Any CPU.ActiveCfg = Debug|Any CPU
		{28E70EFF-313D-4D57-80D6-1DF418DD707D}.Debug|Any CPU.Build.0 = Debug|Any CPU
		{28E70EFF-313D-4D57-80D6-1DF418DD707D}.Debug|x64.ActiveCfg = Debug|Any CPU
		{28E70EFF-313D-4D57-80D6-1DF418DD707D}.Debug|x64.Build.0 = Debug|Any CPU
		{28E70EFF-313D-4D57-80D6-1DF418DD707D}.Debug|x86.ActiveCfg = Debug|Any CPU
		{28E70EFF-313D-4D57-80D6-1DF418DD707D}.Debug|x86.Build.0 = Debug|Any CPU
		{28E70EFF-313D-4D57-80D6-1DF418DD707D}.Release|Any CPU.ActiveCfg = Release|Any CPU
		{28E70EFF-313D-4D57-80D6-1DF418DD707D}.Release|Any CPU.Build.0 = Release|Any CPU
		{28E70EFF-313D-4D57-80D6-1DF418DD707D}.Release|x64.ActiveCfg = Release|Any CPU
		{28E70EFF-313D-4D57-80D6-1DF418DD707D}.Release|x64.Build.0 = Release|Any CPU
		{28E70EFF-313D-4D57-80D6-1DF418DD707D}.Release|x86.ActiveCfg = Release|Any CPU
		{28E70EFF-313D-4D57-80D6-1DF418DD707D}.Release|x86.Build.0 = Release|Any CPU
		{67FF124E-3AF9-414C-93AD-12584A13B4E4}.Debug|Any CPU.ActiveCfg = Debug|Any CPU
		{67FF124E-3AF9-414C-93AD-12584A13B4E4}.Debug|Any CPU.Build.0 = Debug|Any CPU
		{67FF124E-3AF9-414C-93AD-12584A13B4E4}.Debug|x64.ActiveCfg = Debug|Any CPU
		{67FF124E-3AF9-414C-93AD-12584A13B4E4}.Debug|x64.Build.0 = Debug|Any CPU
		{67FF124E-3AF9-414C-93AD-12584A13B4E4}.Debug|x86.ActiveCfg = Debug|Any CPU
		{67FF124E-3AF9-414C-93AD-12584A13B4E4}.Debug|x86.Build.0 = Debug|Any CPU
		{67FF124E-3AF9-414C-93AD-12584A13B4E4}.Release|Any CPU.ActiveCfg = Release|Any CPU
		{67FF124E-3AF9-414C-93AD-12584A13B4E4}.Release|Any CPU.Build.0 = Release|Any CPU
		{67FF124E-3AF9-414C-93AD-12584A13B4E4}.Release|x64.ActiveCfg = Release|Any CPU
		{67FF124E-3AF9-414C-93AD-12584A13B4E4}.Release|x64.Build.0 = Release|Any CPU
		{67FF124E-3AF9-414C-93AD-12584A13B4E4}.Release|x86.ActiveCfg = Release|Any CPU
		{67FF124E-3AF9-414C-93AD-12584A13B4E4}.Release|x86.Build.0 = Release|Any CPU
		{1DA87E77-AEDA-40CB-86E8-D713EAB478A5}.Debug|Any CPU.ActiveCfg = Debug|Any CPU
		{1DA87E77-AEDA-40CB-86E8-D713EAB478A5}.Debug|Any CPU.Build.0 = Debug|Any CPU
		{1DA87E77-AEDA-40CB-86E8-D713EAB478A5}.Debug|x64.ActiveCfg = Debug|Any CPU
		{1DA87E77-AEDA-40CB-86E8-D713EAB478A5}.Debug|x64.Build.0 = Debug|Any CPU
		{1DA87E77-AEDA-40CB-86E8-D713EAB478A5}.Debug|x86.ActiveCfg = Debug|Any CPU
		{1DA87E77-AEDA-40CB-86E8-D713EAB478A5}.Debug|x86.Build.0 = Debug|Any CPU
		{1DA87E77-AEDA-40CB-86E8-D713EAB478A5}.Release|Any CPU.ActiveCfg = Release|Any CPU
		{1DA87E77-AEDA-40CB-86E8-D713EAB478A5}.Release|Any CPU.Build.0 = Release|Any CPU
		{1DA87E77-AEDA-40CB-86E8-D713EAB478A5}.Release|x64.ActiveCfg = Release|Any CPU
		{1DA87E77-AEDA-40CB-86E8-D713EAB478A5}.Release|x64.Build.0 = Release|Any CPU
		{1DA87E77-AEDA-40CB-86E8-D713EAB478A5}.Release|x86.ActiveCfg = Release|Any CPU
		{1DA87E77-AEDA-40CB-86E8-D713EAB478A5}.Release|x86.Build.0 = Release|Any CPU
		{096C5D68-4D5F-4FD6-957C-E9472B285FDB}.Debug|Any CPU.ActiveCfg = Debug|Any CPU
		{096C5D68-4D5F-4FD6-957C-E9472B285FDB}.Debug|Any CPU.Build.0 = Debug|Any CPU
		{096C5D68-4D5F-4FD6-957C-E9472B285FDB}.Debug|x64.ActiveCfg = Debug|Any CPU
		{096C5D68-4D5F-4FD6-957C-E9472B285FDB}.Debug|x64.Build.0 = Debug|Any CPU
		{096C5D68-4D5F-4FD6-957C-E9472B285FDB}.Debug|x86.ActiveCfg = Debug|Any CPU
		{096C5D68-4D5F-4FD6-957C-E9472B285FDB}.Debug|x86.Build.0 = Debug|Any CPU
		{096C5D68-4D5F-4FD6-957C-E9472B285FDB}.Release|Any CPU.ActiveCfg = Release|Any CPU
		{096C5D68-4D5F-4FD6-957C-E9472B285FDB}.Release|Any CPU.Build.0 = Release|Any CPU
		{096C5D68-4D5F-4FD6-957C-E9472B285FDB}.Release|x64.ActiveCfg = Release|Any CPU
		{096C5D68-4D5F-4FD6-957C-E9472B285FDB}.Release|x64.Build.0 = Release|Any CPU
		{096C5D68-4D5F-4FD6-957C-E9472B285FDB}.Release|x86.ActiveCfg = Release|Any CPU
		{096C5D68-4D5F-4FD6-957C-E9472B285FDB}.Release|x86.Build.0 = Release|Any CPU
		{F0E954EC-22AA-4574-97C9-6768D1EC2F58}.Debug|Any CPU.ActiveCfg = Debug|Any CPU
		{F0E954EC-22AA-4574-97C9-6768D1EC2F58}.Debug|Any CPU.Build.0 = Debug|Any CPU
		{F0E954EC-22AA-4574-97C9-6768D1EC2F58}.Debug|x64.ActiveCfg = Debug|Any CPU
		{F0E954EC-22AA-4574-97C9-6768D1EC2F58}.Debug|x64.Build.0 = Debug|Any CPU
		{F0E954EC-22AA-4574-97C9-6768D1EC2F58}.Debug|x86.ActiveCfg = Debug|Any CPU
		{F0E954EC-22AA-4574-97C9-6768D1EC2F58}.Debug|x86.Build.0 = Debug|Any CPU
		{F0E954EC-22AA-4574-97C9-6768D1EC2F58}.Release|Any CPU.ActiveCfg = Release|Any CPU
		{F0E954EC-22AA-4574-97C9-6768D1EC2F58}.Release|Any CPU.Build.0 = Release|Any CPU
		{F0E954EC-22AA-4574-97C9-6768D1EC2F58}.Release|x64.ActiveCfg = Release|Any CPU
		{F0E954EC-22AA-4574-97C9-6768D1EC2F58}.Release|x64.Build.0 = Release|Any CPU
		{F0E954EC-22AA-4574-97C9-6768D1EC2F58}.Release|x86.ActiveCfg = Release|Any CPU
		{F0E954EC-22AA-4574-97C9-6768D1EC2F58}.Release|x86.Build.0 = Release|Any CPU
	EndGlobalSection
	GlobalSection(SolutionProperties) = preSolution
		HideSolutionNode = FALSE
	EndGlobalSection
	GlobalSection(ExtensibilityGlobals) = postSolution
		SolutionGuid = {F5DD1CBD-5A98-46B3-8567-756A9D0E54C1}
	EndGlobalSection
EndGlobal
