
Microsoft Visual Studio Solution File, Format Version 12.00
# Visual Studio Version 16
VisualStudioVersion = 16.0.30114.105
MinimumVisualStudioVersion = 10.0.40219.1
Project("{9A19103F-16F7-4668-BE54-9A1E7A4F7556}") = "R5T.F0016.Construction", "R5T.F0016.Construction\R5T.F0016.Construction.csproj", "{6B5D007A-767E-4182-B78C-C06BDEFF9DFA}"
EndProject
Project("{9A19103F-16F7-4668-BE54-9A1E7A4F7556}") = "R5T.F0016", "R5T.F0016\R5T.F0016.csproj", "{F82DBC30-2F3E-4358-A517-D7072E398E48}"
EndProject
Project("{9A19103F-16F7-4668-BE54-9A1E7A4F7556}") = "R5T.Magyar", "..\..\R5T.Magyar\source\R5T.Magyar\R5T.Magyar.csproj", "{978F4C97-C58F-47DA-8DBC-8518BD7F0DC0}"
EndProject
Project("{2150E333-8FDC-42A3-9474-1A3956D46DE8}") = "_Dependencies", "_Dependencies", "{2FE451D2-15C2-49E2-9C31-6B5C358524E4}"
EndProject
Project("{9A19103F-16F7-4668-BE54-9A1E7A4F7556}") = "R5T.T0132", "..\..\R5T.T0132\source\R5T.T0132\R5T.T0132.csproj", "{6B7EBA62-6F2C-4826-8CC8-810D0FC04317}"
EndProject
Project("{9A19103F-16F7-4668-BE54-9A1E7A4F7556}") = "R5T.T0141", "..\..\R5T.T0141\source\R5T.T0141\R5T.T0141.csproj", "{DFC25442-DB01-4C70-ADF7-2635DFF6B253}"
EndProject
Project("{9A19103F-16F7-4668-BE54-9A1E7A4F7556}") = "R5T.F0020", "..\..\R5T.F0020\source\R5T.F0020\R5T.F0020.csproj", "{EDA97963-8A9B-4029-AB2B-7C2B89A72D68}"
EndProject
Project("{9A19103F-16F7-4668-BE54-9A1E7A4F7556}") = "R5T.F0002", "..\..\R5T.F0002\source\R5T.F0002\R5T.F0002.csproj", "{FB322D07-E871-42BB-BEB1-01C7DC8D2B28}"
EndProject
Project("{9A19103F-16F7-4668-BE54-9A1E7A4F7556}") = "R5T.F0000", "..\..\R5T.F0000\source\R5T.F0000\R5T.F0000.csproj", "{B24415BB-4FF8-4C9E-9B05-1CC548494023}"
EndProject
Project("{9A19103F-16F7-4668-BE54-9A1E7A4F7556}") = "R5T.T0143", "..\..\R5T.T0143\source\R5T.T0143\R5T.T0143.csproj", "{DEC57AFE-C9CF-4876-8862-934DFC6EEEF1}"
EndProject
Project("{9A19103F-16F7-4668-BE54-9A1E7A4F7556}") = "R5T.Z0000", "..\..\R5T.Z0000\source\R5T.Z0000\R5T.Z0000.csproj", "{5970FAB7-9F14-4829-AB5D-F6C5F2CD7F92}"
EndProject
Project("{9A19103F-16F7-4668-BE54-9A1E7A4F7556}") = "R5T.T0131", "..\..\R5T.T0131\source\R5T.T0131\R5T.T0131.csproj", "{FFAA5AAE-A592-42C5-ABBD-F98F9BFB85E7}"
EndProject
Project("{9A19103F-16F7-4668-BE54-9A1E7A4F7556}") = "R5T.Y0000", "..\..\R5T.Y0000\source\R5T.Y0000\R5T.Y0000.csproj", "{09965C46-401D-48A1-B79E-D64F79D583C6}"
EndProject
Global
	GlobalSection(SolutionConfigurationPlatforms) = preSolution
		Debug|Any CPU = Debug|Any CPU
		Debug|x64 = Debug|x64
		Debug|x86 = Debug|x86
		Release|Any CPU = Release|Any CPU
		Release|x64 = Release|x64
		Release|x86 = Release|x86
	EndGlobalSection
	GlobalSection(ProjectConfigurationPlatforms) = postSolution
		{6B5D007A-767E-4182-B78C-C06BDEFF9DFA}.Debug|Any CPU.ActiveCfg = Debug|Any CPU
		{6B5D007A-767E-4182-B78C-C06BDEFF9DFA}.Debug|Any CPU.Build.0 = Debug|Any CPU
		{6B5D007A-767E-4182-B78C-C06BDEFF9DFA}.Debug|x64.ActiveCfg = Debug|Any CPU
		{6B5D007A-767E-4182-B78C-C06BDEFF9DFA}.Debug|x64.Build.0 = Debug|Any CPU
		{6B5D007A-767E-4182-B78C-C06BDEFF9DFA}.Debug|x86.ActiveCfg = Debug|Any CPU
		{6B5D007A-767E-4182-B78C-C06BDEFF9DFA}.Debug|x86.Build.0 = Debug|Any CPU
		{6B5D007A-767E-4182-B78C-C06BDEFF9DFA}.Release|Any CPU.ActiveCfg = Release|Any CPU
		{6B5D007A-767E-4182-B78C-C06BDEFF9DFA}.Release|Any CPU.Build.0 = Release|Any CPU
		{6B5D007A-767E-4182-B78C-C06BDEFF9DFA}.Release|x64.ActiveCfg = Release|Any CPU
		{6B5D007A-767E-4182-B78C-C06BDEFF9DFA}.Release|x64.Build.0 = Release|Any CPU
		{6B5D007A-767E-4182-B78C-C06BDEFF9DFA}.Release|x86.ActiveCfg = Release|Any CPU
		{6B5D007A-767E-4182-B78C-C06BDEFF9DFA}.Release|x86.Build.0 = Release|Any CPU
		{F82DBC30-2F3E-4358-A517-D7072E398E48}.Debug|Any CPU.ActiveCfg = Debug|Any CPU
		{F82DBC30-2F3E-4358-A517-D7072E398E48}.Debug|Any CPU.Build.0 = Debug|Any CPU
		{F82DBC30-2F3E-4358-A517-D7072E398E48}.Debug|x64.ActiveCfg = Debug|Any CPU
		{F82DBC30-2F3E-4358-A517-D7072E398E48}.Debug|x64.Build.0 = Debug|Any CPU
		{F82DBC30-2F3E-4358-A517-D7072E398E48}.Debug|x86.ActiveCfg = Debug|Any CPU
		{F82DBC30-2F3E-4358-A517-D7072E398E48}.Debug|x86.Build.0 = Debug|Any CPU
		{F82DBC30-2F3E-4358-A517-D7072E398E48}.Release|Any CPU.ActiveCfg = Release|Any CPU
		{F82DBC30-2F3E-4358-A517-D7072E398E48}.Release|Any CPU.Build.0 = Release|Any CPU
		{F82DBC30-2F3E-4358-A517-D7072E398E48}.Release|x64.ActiveCfg = Release|Any CPU
		{F82DBC30-2F3E-4358-A517-D7072E398E48}.Release|x64.Build.0 = Release|Any CPU
		{F82DBC30-2F3E-4358-A517-D7072E398E48}.Release|x86.ActiveCfg = Release|Any CPU
		{F82DBC30-2F3E-4358-A517-D7072E398E48}.Release|x86.Build.0 = Release|Any CPU
		{978F4C97-C58F-47DA-8DBC-8518BD7F0DC0}.Debug|Any CPU.ActiveCfg = Debug|Any CPU
		{978F4C97-C58F-47DA-8DBC-8518BD7F0DC0}.Debug|Any CPU.Build.0 = Debug|Any CPU
		{978F4C97-C58F-47DA-8DBC-8518BD7F0DC0}.Debug|x64.ActiveCfg = Debug|Any CPU
		{978F4C97-C58F-47DA-8DBC-8518BD7F0DC0}.Debug|x64.Build.0 = Debug|Any CPU
		{978F4C97-C58F-47DA-8DBC-8518BD7F0DC0}.Debug|x86.ActiveCfg = Debug|Any CPU
		{978F4C97-C58F-47DA-8DBC-8518BD7F0DC0}.Debug|x86.Build.0 = Debug|Any CPU
		{978F4C97-C58F-47DA-8DBC-8518BD7F0DC0}.Release|Any CPU.ActiveCfg = Release|Any CPU
		{978F4C97-C58F-47DA-8DBC-8518BD7F0DC0}.Release|Any CPU.Build.0 = Release|Any CPU
		{978F4C97-C58F-47DA-8DBC-8518BD7F0DC0}.Release|x64.ActiveCfg = Release|Any CPU
		{978F4C97-C58F-47DA-8DBC-8518BD7F0DC0}.Release|x64.Build.0 = Release|Any CPU
		{978F4C97-C58F-47DA-8DBC-8518BD7F0DC0}.Release|x86.ActiveCfg = Release|Any CPU
		{978F4C97-C58F-47DA-8DBC-8518BD7F0DC0}.Release|x86.Build.0 = Release|Any CPU
		{6B7EBA62-6F2C-4826-8CC8-810D0FC04317}.Debug|Any CPU.ActiveCfg = Debug|Any CPU
		{6B7EBA62-6F2C-4826-8CC8-810D0FC04317}.Debug|Any CPU.Build.0 = Debug|Any CPU
		{6B7EBA62-6F2C-4826-8CC8-810D0FC04317}.Debug|x64.ActiveCfg = Debug|Any CPU
		{6B7EBA62-6F2C-4826-8CC8-810D0FC04317}.Debug|x64.Build.0 = Debug|Any CPU
		{6B7EBA62-6F2C-4826-8CC8-810D0FC04317}.Debug|x86.ActiveCfg = Debug|Any CPU
		{6B7EBA62-6F2C-4826-8CC8-810D0FC04317}.Debug|x86.Build.0 = Debug|Any CPU
		{6B7EBA62-6F2C-4826-8CC8-810D0FC04317}.Release|Any CPU.ActiveCfg = Release|Any CPU
		{6B7EBA62-6F2C-4826-8CC8-810D0FC04317}.Release|Any CPU.Build.0 = Release|Any CPU
		{6B7EBA62-6F2C-4826-8CC8-810D0FC04317}.Release|x64.ActiveCfg = Release|Any CPU
		{6B7EBA62-6F2C-4826-8CC8-810D0FC04317}.Release|x64.Build.0 = Release|Any CPU
		{6B7EBA62-6F2C-4826-8CC8-810D0FC04317}.Release|x86.ActiveCfg = Release|Any CPU
		{6B7EBA62-6F2C-4826-8CC8-810D0FC04317}.Release|x86.Build.0 = Release|Any CPU
		{DFC25442-DB01-4C70-ADF7-2635DFF6B253}.Debug|Any CPU.ActiveCfg = Debug|Any CPU
		{DFC25442-DB01-4C70-ADF7-2635DFF6B253}.Debug|Any CPU.Build.0 = Debug|Any CPU
		{DFC25442-DB01-4C70-ADF7-2635DFF6B253}.Debug|x64.ActiveCfg = Debug|Any CPU
		{DFC25442-DB01-4C70-ADF7-2635DFF6B253}.Debug|x64.Build.0 = Debug|Any CPU
		{DFC25442-DB01-4C70-ADF7-2635DFF6B253}.Debug|x86.ActiveCfg = Debug|Any CPU
		{DFC25442-DB01-4C70-ADF7-2635DFF6B253}.Debug|x86.Build.0 = Debug|Any CPU
		{DFC25442-DB01-4C70-ADF7-2635DFF6B253}.Release|Any CPU.ActiveCfg = Release|Any CPU
		{DFC25442-DB01-4C70-ADF7-2635DFF6B253}.Release|Any CPU.Build.0 = Release|Any CPU
		{DFC25442-DB01-4C70-ADF7-2635DFF6B253}.Release|x64.ActiveCfg = Release|Any CPU
		{DFC25442-DB01-4C70-ADF7-2635DFF6B253}.Release|x64.Build.0 = Release|Any CPU
		{DFC25442-DB01-4C70-ADF7-2635DFF6B253}.Release|x86.ActiveCfg = Release|Any CPU
		{DFC25442-DB01-4C70-ADF7-2635DFF6B253}.Release|x86.Build.0 = Release|Any CPU
		{EDA97963-8A9B-4029-AB2B-7C2B89A72D68}.Debug|Any CPU.ActiveCfg = Debug|Any CPU
		{EDA97963-8A9B-4029-AB2B-7C2B89A72D68}.Debug|Any CPU.Build.0 = Debug|Any CPU
		{EDA97963-8A9B-4029-AB2B-7C2B89A72D68}.Debug|x64.ActiveCfg = Debug|Any CPU
		{EDA97963-8A9B-4029-AB2B-7C2B89A72D68}.Debug|x64.Build.0 = Debug|Any CPU
		{EDA97963-8A9B-4029-AB2B-7C2B89A72D68}.Debug|x86.ActiveCfg = Debug|Any CPU
		{EDA97963-8A9B-4029-AB2B-7C2B89A72D68}.Debug|x86.Build.0 = Debug|Any CPU
		{EDA97963-8A9B-4029-AB2B-7C2B89A72D68}.Release|Any CPU.ActiveCfg = Release|Any CPU
		{EDA97963-8A9B-4029-AB2B-7C2B89A72D68}.Release|Any CPU.Build.0 = Release|Any CPU
		{EDA97963-8A9B-4029-AB2B-7C2B89A72D68}.Release|x64.ActiveCfg = Release|Any CPU
		{EDA97963-8A9B-4029-AB2B-7C2B89A72D68}.Release|x64.Build.0 = Release|Any CPU
		{EDA97963-8A9B-4029-AB2B-7C2B89A72D68}.Release|x86.ActiveCfg = Release|Any CPU
		{EDA97963-8A9B-4029-AB2B-7C2B89A72D68}.Release|x86.Build.0 = Release|Any CPU
		{FB322D07-E871-42BB-BEB1-01C7DC8D2B28}.Debug|Any CPU.ActiveCfg = Debug|Any CPU
		{FB322D07-E871-42BB-BEB1-01C7DC8D2B28}.Debug|Any CPU.Build.0 = Debug|Any CPU
		{FB322D07-E871-42BB-BEB1-01C7DC8D2B28}.Debug|x64.ActiveCfg = Debug|Any CPU
		{FB322D07-E871-42BB-BEB1-01C7DC8D2B28}.Debug|x64.Build.0 = Debug|Any CPU
		{FB322D07-E871-42BB-BEB1-01C7DC8D2B28}.Debug|x86.ActiveCfg = Debug|Any CPU
		{FB322D07-E871-42BB-BEB1-01C7DC8D2B28}.Debug|x86.Build.0 = Debug|Any CPU
		{FB322D07-E871-42BB-BEB1-01C7DC8D2B28}.Release|Any CPU.ActiveCfg = Release|Any CPU
		{FB322D07-E871-42BB-BEB1-01C7DC8D2B28}.Release|Any CPU.Build.0 = Release|Any CPU
		{FB322D07-E871-42BB-BEB1-01C7DC8D2B28}.Release|x64.ActiveCfg = Release|Any CPU
		{FB322D07-E871-42BB-BEB1-01C7DC8D2B28}.Release|x64.Build.0 = Release|Any CPU
		{FB322D07-E871-42BB-BEB1-01C7DC8D2B28}.Release|x86.ActiveCfg = Release|Any CPU
		{FB322D07-E871-42BB-BEB1-01C7DC8D2B28}.Release|x86.Build.0 = Release|Any CPU
		{B24415BB-4FF8-4C9E-9B05-1CC548494023}.Debug|Any CPU.ActiveCfg = Debug|Any CPU
		{B24415BB-4FF8-4C9E-9B05-1CC548494023}.Debug|Any CPU.Build.0 = Debug|Any CPU
		{B24415BB-4FF8-4C9E-9B05-1CC548494023}.Debug|x64.ActiveCfg = Debug|Any CPU
		{B24415BB-4FF8-4C9E-9B05-1CC548494023}.Debug|x64.Build.0 = Debug|Any CPU
		{B24415BB-4FF8-4C9E-9B05-1CC548494023}.Debug|x86.ActiveCfg = Debug|Any CPU
		{B24415BB-4FF8-4C9E-9B05-1CC548494023}.Debug|x86.Build.0 = Debug|Any CPU
		{B24415BB-4FF8-4C9E-9B05-1CC548494023}.Release|Any CPU.ActiveCfg = Release|Any CPU
		{B24415BB-4FF8-4C9E-9B05-1CC548494023}.Release|Any CPU.Build.0 = Release|Any CPU
		{B24415BB-4FF8-4C9E-9B05-1CC548494023}.Release|x64.ActiveCfg = Release|Any CPU
		{B24415BB-4FF8-4C9E-9B05-1CC548494023}.Release|x64.Build.0 = Release|Any CPU
		{B24415BB-4FF8-4C9E-9B05-1CC548494023}.Release|x86.ActiveCfg = Release|Any CPU
		{B24415BB-4FF8-4C9E-9B05-1CC548494023}.Release|x86.Build.0 = Release|Any CPU
		{DEC57AFE-C9CF-4876-8862-934DFC6EEEF1}.Debug|Any CPU.ActiveCfg = Debug|Any CPU
		{DEC57AFE-C9CF-4876-8862-934DFC6EEEF1}.Debug|Any CPU.Build.0 = Debug|Any CPU
		{DEC57AFE-C9CF-4876-8862-934DFC6EEEF1}.Debug|x64.ActiveCfg = Debug|Any CPU
		{DEC57AFE-C9CF-4876-8862-934DFC6EEEF1}.Debug|x64.Build.0 = Debug|Any CPU
		{DEC57AFE-C9CF-4876-8862-934DFC6EEEF1}.Debug|x86.ActiveCfg = Debug|Any CPU
		{DEC57AFE-C9CF-4876-8862-934DFC6EEEF1}.Debug|x86.Build.0 = Debug|Any CPU
		{DEC57AFE-C9CF-4876-8862-934DFC6EEEF1}.Release|Any CPU.ActiveCfg = Release|Any CPU
		{DEC57AFE-C9CF-4876-8862-934DFC6EEEF1}.Release|Any CPU.Build.0 = Release|Any CPU
		{DEC57AFE-C9CF-4876-8862-934DFC6EEEF1}.Release|x64.ActiveCfg = Release|Any CPU
		{DEC57AFE-C9CF-4876-8862-934DFC6EEEF1}.Release|x64.Build.0 = Release|Any CPU
		{DEC57AFE-C9CF-4876-8862-934DFC6EEEF1}.Release|x86.ActiveCfg = Release|Any CPU
		{DEC57AFE-C9CF-4876-8862-934DFC6EEEF1}.Release|x86.Build.0 = Release|Any CPU
		{5970FAB7-9F14-4829-AB5D-F6C5F2CD7F92}.Debug|Any CPU.ActiveCfg = Debug|Any CPU
		{5970FAB7-9F14-4829-AB5D-F6C5F2CD7F92}.Debug|Any CPU.Build.0 = Debug|Any CPU
		{5970FAB7-9F14-4829-AB5D-F6C5F2CD7F92}.Debug|x64.ActiveCfg = Debug|Any CPU
		{5970FAB7-9F14-4829-AB5D-F6C5F2CD7F92}.Debug|x64.Build.0 = Debug|Any CPU
		{5970FAB7-9F14-4829-AB5D-F6C5F2CD7F92}.Debug|x86.ActiveCfg = Debug|Any CPU
		{5970FAB7-9F14-4829-AB5D-F6C5F2CD7F92}.Debug|x86.Build.0 = Debug|Any CPU
		{5970FAB7-9F14-4829-AB5D-F6C5F2CD7F92}.Release|Any CPU.ActiveCfg = Release|Any CPU
		{5970FAB7-9F14-4829-AB5D-F6C5F2CD7F92}.Release|Any CPU.Build.0 = Release|Any CPU
		{5970FAB7-9F14-4829-AB5D-F6C5F2CD7F92}.Release|x64.ActiveCfg = Release|Any CPU
		{5970FAB7-9F14-4829-AB5D-F6C5F2CD7F92}.Release|x64.Build.0 = Release|Any CPU
		{5970FAB7-9F14-4829-AB5D-F6C5F2CD7F92}.Release|x86.ActiveCfg = Release|Any CPU
		{5970FAB7-9F14-4829-AB5D-F6C5F2CD7F92}.Release|x86.Build.0 = Release|Any CPU
		{FFAA5AAE-A592-42C5-ABBD-F98F9BFB85E7}.Debug|Any CPU.ActiveCfg = Debug|Any CPU
		{FFAA5AAE-A592-42C5-ABBD-F98F9BFB85E7}.Debug|Any CPU.Build.0 = Debug|Any CPU
		{FFAA5AAE-A592-42C5-ABBD-F98F9BFB85E7}.Debug|x64.ActiveCfg = Debug|Any CPU
		{FFAA5AAE-A592-42C5-ABBD-F98F9BFB85E7}.Debug|x64.Build.0 = Debug|Any CPU
		{FFAA5AAE-A592-42C5-ABBD-F98F9BFB85E7}.Debug|x86.ActiveCfg = Debug|Any CPU
		{FFAA5AAE-A592-42C5-ABBD-F98F9BFB85E7}.Debug|x86.Build.0 = Debug|Any CPU
		{FFAA5AAE-A592-42C5-ABBD-F98F9BFB85E7}.Release|Any CPU.ActiveCfg = Release|Any CPU
		{FFAA5AAE-A592-42C5-ABBD-F98F9BFB85E7}.Release|Any CPU.Build.0 = Release|Any CPU
		{FFAA5AAE-A592-42C5-ABBD-F98F9BFB85E7}.Release|x64.ActiveCfg = Release|Any CPU
		{FFAA5AAE-A592-42C5-ABBD-F98F9BFB85E7}.Release|x64.Build.0 = Release|Any CPU
		{FFAA5AAE-A592-42C5-ABBD-F98F9BFB85E7}.Release|x86.ActiveCfg = Release|Any CPU
		{FFAA5AAE-A592-42C5-ABBD-F98F9BFB85E7}.Release|x86.Build.0 = Release|Any CPU
		{09965C46-401D-48A1-B79E-D64F79D583C6}.Debug|Any CPU.ActiveCfg = Debug|Any CPU
		{09965C46-401D-48A1-B79E-D64F79D583C6}.Debug|Any CPU.Build.0 = Debug|Any CPU
		{09965C46-401D-48A1-B79E-D64F79D583C6}.Debug|x64.ActiveCfg = Debug|Any CPU
		{09965C46-401D-48A1-B79E-D64F79D583C6}.Debug|x64.Build.0 = Debug|Any CPU
		{09965C46-401D-48A1-B79E-D64F79D583C6}.Debug|x86.ActiveCfg = Debug|Any CPU
		{09965C46-401D-48A1-B79E-D64F79D583C6}.Debug|x86.Build.0 = Debug|Any CPU
		{09965C46-401D-48A1-B79E-D64F79D583C6}.Release|Any CPU.ActiveCfg = Release|Any CPU
		{09965C46-401D-48A1-B79E-D64F79D583C6}.Release|Any CPU.Build.0 = Release|Any CPU
		{09965C46-401D-48A1-B79E-D64F79D583C6}.Release|x64.ActiveCfg = Release|Any CPU
		{09965C46-401D-48A1-B79E-D64F79D583C6}.Release|x64.Build.0 = Release|Any CPU
		{09965C46-401D-48A1-B79E-D64F79D583C6}.Release|x86.ActiveCfg = Release|Any CPU
		{09965C46-401D-48A1-B79E-D64F79D583C6}.Release|x86.Build.0 = Release|Any CPU
	EndGlobalSection
	GlobalSection(SolutionProperties) = preSolution
		HideSolutionNode = FALSE
	EndGlobalSection
	GlobalSection(NestedProjects) = preSolution
		{978F4C97-C58F-47DA-8DBC-8518BD7F0DC0} = {2FE451D2-15C2-49E2-9C31-6B5C358524E4}
		{6B7EBA62-6F2C-4826-8CC8-810D0FC04317} = {2FE451D2-15C2-49E2-9C31-6B5C358524E4}
		{DFC25442-DB01-4C70-ADF7-2635DFF6B253} = {2FE451D2-15C2-49E2-9C31-6B5C358524E4}
		{EDA97963-8A9B-4029-AB2B-7C2B89A72D68} = {2FE451D2-15C2-49E2-9C31-6B5C358524E4}
		{FB322D07-E871-42BB-BEB1-01C7DC8D2B28} = {2FE451D2-15C2-49E2-9C31-6B5C358524E4}
		{B24415BB-4FF8-4C9E-9B05-1CC548494023} = {2FE451D2-15C2-49E2-9C31-6B5C358524E4}
		{DEC57AFE-C9CF-4876-8862-934DFC6EEEF1} = {2FE451D2-15C2-49E2-9C31-6B5C358524E4}
		{5970FAB7-9F14-4829-AB5D-F6C5F2CD7F92} = {2FE451D2-15C2-49E2-9C31-6B5C358524E4}
		{FFAA5AAE-A592-42C5-ABBD-F98F9BFB85E7} = {2FE451D2-15C2-49E2-9C31-6B5C358524E4}
		{09965C46-401D-48A1-B79E-D64F79D583C6} = {2FE451D2-15C2-49E2-9C31-6B5C358524E4}
	EndGlobalSection
	GlobalSection(ExtensibilityGlobals) = postSolution
		SolutionGuid = {F5DD1CBD-5A98-46B3-8567-756A9D0E54C1}
	EndGlobalSection
EndGlobal
