
Microsoft Visual Studio Solution File, Format Version 12.00
# Visual Studio Version 16
VisualStudioVersion = 16.0.30114.105
MinimumVisualStudioVersion = 10.0.40219.1
Project("{FAE04EC0-301F-11D3-BF4B-00C04F79EFBC}") = "R5T.F0016", "R5T.F0016\R5T.F0016.csproj", "{369AF896-976C-46D1-A93B-532F093614C2}"
EndProject
Project("{2150E333-8FDC-42A3-9474-1A3956D46DE8}") = "_Dependencies", "_Dependencies", "{79327376-1AEB-4DC3-9106-479E4A9B7E05}"
EndProject
Project("{9A19103F-16F7-4668-BE54-9A1E7A4F7556}") = "F10Y.L0000", "..\..\..\Functionairy\F10Y.L0000\source\F10Y.L0000\F10Y.L0000.csproj", "{0BB90F34-600F-4810-8981-04BD8E031736}"
EndProject
Project("{9A19103F-16F7-4668-BE54-9A1E7A4F7556}") = "F10Y.L0001.L000", "..\..\..\Functionairy\F10Y.L0001\source\F10Y.L0001.L000\F10Y.L0001.L000.csproj", "{7747EF62-53E6-4C3D-8CF5-9313F04ED478}"
EndProject
Project("{9A19103F-16F7-4668-BE54-9A1E7A4F7556}") = "F10Y.L0001.L001", "..\..\..\Functionairy\F10Y.L0001\source\F10Y.L0001.L001\F10Y.L0001.L001.csproj", "{F6A51C54-3F98-491E-B0E4-18EE17200D8F}"
EndProject
Project("{9A19103F-16F7-4668-BE54-9A1E7A4F7556}") = "F10Y.L0001.L002", "..\..\..\Functionairy\F10Y.L0001\source\F10Y.L0001.L002\F10Y.L0001.L002.csproj", "{F292CA78-E64E-403C-B10D-A66795D0FCEF}"
EndProject
Project("{9A19103F-16F7-4668-BE54-9A1E7A4F7556}") = "F10Y.L0001.L003", "..\..\..\Functionairy\F10Y.L0001\source\F10Y.L0001.L003\F10Y.L0001.L003.csproj", "{F9070EC5-A7CF-4873-9191-53BCF3EC5D70}"
EndProject
Project("{9A19103F-16F7-4668-BE54-9A1E7A4F7556}") = "F10Y.L0001.T000", "..\..\..\Functionairy\F10Y.L0001\source\F10Y.L0001.T000\F10Y.L0001.T000.csproj", "{139F90FC-D92D-45CB-A596-98243F28776C}"
EndProject
Project("{9A19103F-16F7-4668-BE54-9A1E7A4F7556}") = "F10Y.L0001.X000", "..\..\..\Functionairy\F10Y.L0001\source\F10Y.L0001.X000\F10Y.L0001.X000.csproj", "{29E1A968-D8B1-4E55-9137-8C464C15DE01}"
EndProject
Project("{9A19103F-16F7-4668-BE54-9A1E7A4F7556}") = "F10Y.L0001.Z000", "..\..\..\Functionairy\F10Y.L0001\source\F10Y.L0001.Z000\F10Y.L0001.Z000.csproj", "{C2208282-DC21-42F1-8A03-7FA6243722EF}"
EndProject
Project("{9A19103F-16F7-4668-BE54-9A1E7A4F7556}") = "F10Y.L0001", "..\..\..\Functionairy\F10Y.L0001\source\F10Y.L0001\F10Y.L0001.csproj", "{CC73D8AD-B3E8-4C41-86A8-028C4685D330}"
EndProject
Project("{9A19103F-16F7-4668-BE54-9A1E7A4F7556}") = "F10Y.L0003.L001", "..\..\..\Functionairy\F10Y.L0003\source\F10Y.L0003.L001\F10Y.L0003.L001.csproj", "{BCECB938-2A47-4DB0-A419-55C85C36C5C4}"
EndProject
Project("{9A19103F-16F7-4668-BE54-9A1E7A4F7556}") = "F10Y.L0003", "..\..\..\Functionairy\F10Y.L0003\source\F10Y.L0003\F10Y.L0003.csproj", "{36BDC629-A1A6-449E-AF04-867F257288B5}"
EndProject
Project("{9A19103F-16F7-4668-BE54-9A1E7A4F7556}") = "F10Y.L0005.L001", "..\..\..\Functionairy\F10Y.L0005\source\F10Y.L0005.L001\F10Y.L0005.L001.csproj", "{2D4E8476-4480-4257-B4FD-469D198DEC8E}"
EndProject
Project("{9A19103F-16F7-4668-BE54-9A1E7A4F7556}") = "F10Y.L0005.L002", "..\..\..\Functionairy\F10Y.L0005\source\F10Y.L0005.L002\F10Y.L0005.L002.csproj", "{ECC9DC89-5885-4507-B6AD-7C8BDDE2DBC3}"
EndProject
Project("{9A19103F-16F7-4668-BE54-9A1E7A4F7556}") = "F10Y.L0005.T000", "..\..\..\Functionairy\F10Y.L0005\source\F10Y.L0005.T000\F10Y.L0005.T000.csproj", "{ADE74784-82A4-4CB1-BCA2-AACCE10C10D2}"
EndProject
Project("{9A19103F-16F7-4668-BE54-9A1E7A4F7556}") = "F10Y.L0005.T001", "..\..\..\Functionairy\F10Y.L0005\source\F10Y.L0005.T001\F10Y.L0005.T001.csproj", "{B7F161B8-E790-4283-B97D-757BA5231C7B}"
EndProject
Project("{9A19103F-16F7-4668-BE54-9A1E7A4F7556}") = "F10Y.L0005.T002", "..\..\..\Functionairy\F10Y.L0005\source\F10Y.L0005.T002\F10Y.L0005.T002.csproj", "{04574359-0C25-45B6-BA9F-38E72B1920A0}"
EndProject
Project("{9A19103F-16F7-4668-BE54-9A1E7A4F7556}") = "F10Y.L0005", "..\..\..\Functionairy\F10Y.L0005\source\F10Y.L0005\F10Y.L0005.csproj", "{73190582-7290-4C15-9C2E-3B350688B245}"
EndProject
Project("{9A19103F-16F7-4668-BE54-9A1E7A4F7556}") = "F10Y.NG0008", "..\..\..\Functionairy\F10Y.NG0008\source\F10Y.NG0008\F10Y.NG0008.csproj", "{6E6D3391-5EF1-4CE2-9EB7-965CE932BEBF}"
EndProject
Project("{9A19103F-16F7-4668-BE54-9A1E7A4F7556}") = "F10Y.NG0009", "..\..\..\Functionairy\F10Y.NG0009\source\F10Y.NG0009\F10Y.NG0009.csproj", "{67CAD09A-D97D-4D25-A066-395B2476C295}"
EndProject
Project("{9A19103F-16F7-4668-BE54-9A1E7A4F7556}") = "F10Y.T0000", "..\..\..\Functionairy\F10Y.T0000\source\F10Y.T0000\F10Y.T0000.csproj", "{805BB6F9-F8BC-4336-B7FA-16DE2248AA3E}"
EndProject
Project("{9A19103F-16F7-4668-BE54-9A1E7A4F7556}") = "F10Y.T0001", "..\..\..\Functionairy\F10Y.T0001\source\F10Y.T0001\F10Y.T0001.csproj", "{423F1712-7AF3-46B1-9EF9-379ECB2243C2}"
EndProject
Project("{9A19103F-16F7-4668-BE54-9A1E7A4F7556}") = "F10Y.T0002", "..\..\..\Functionairy\F10Y.T0002\source\F10Y.T0002\F10Y.T0002.csproj", "{6B8F4030-F62E-49AE-A5F4-6B28A27D4216}"
EndProject
Project("{9A19103F-16F7-4668-BE54-9A1E7A4F7556}") = "F10Y.T0003", "..\..\..\Functionairy\F10Y.T0003\source\F10Y.T0003\F10Y.T0003.csproj", "{9FB3735C-DEA2-4EB3-BD58-C45473CB0297}"
EndProject
Project("{9A19103F-16F7-4668-BE54-9A1E7A4F7556}") = "F10Y.T0004", "..\..\..\Functionairy\F10Y.T0004\source\F10Y.T0004\F10Y.T0004.csproj", "{4C303664-6589-44E9-911B-B0990E29092F}"
EndProject
Project("{9A19103F-16F7-4668-BE54-9A1E7A4F7556}") = "F10Y.T0009", "..\..\..\Functionairy\F10Y.T0009\source\F10Y.T0009\F10Y.T0009.csproj", "{ADB20DBE-F88E-40E6-A104-2ED523CDE6CC}"
EndProject
Project("{9A19103F-16F7-4668-BE54-9A1E7A4F7556}") = "F10Y.T0011", "..\..\..\Functionairy\F10Y.T0011\source\F10Y.T0011\F10Y.T0011.csproj", "{1A317F60-E266-4CA7-AC39-A602367D3755}"
EndProject
Project("{9A19103F-16F7-4668-BE54-9A1E7A4F7556}") = "F10Y.T0016", "..\..\..\Functionairy\F10Y.T0016\source\F10Y.T0016\F10Y.T0016.csproj", "{83F72723-D022-4D33-AE6A-679F80317EB5}"
EndProject
Project("{9A19103F-16F7-4668-BE54-9A1E7A4F7556}") = "F10Y.Y0000", "..\..\..\Functionairy\F10Y.Y0000\source\F10Y.Y0000\F10Y.Y0000.csproj", "{6EB7544D-F403-4A95-BBDB-6E3FBF4391A3}"
EndProject
Project("{9A19103F-16F7-4668-BE54-9A1E7A4F7556}") = "R5T.F0000", "..\..\R5T.F0000\source\R5T.F0000\R5T.F0000.csproj", "{5C6367A8-82FB-4F97-930C-9E12B79D0E45}"
EndProject
Project("{9A19103F-16F7-4668-BE54-9A1E7A4F7556}") = "R5T.L0053", "..\..\R5T.L0053\source\R5T.L0053\R5T.L0053.csproj", "{3219257B-6326-4439-B09C-4042D896ED81}"
EndProject
Project("{9A19103F-16F7-4668-BE54-9A1E7A4F7556}") = "R5T.L0066", "..\..\R5T.L0066\source\R5T.L0066\R5T.L0066.csproj", "{BA3B5851-F32A-4C8B-86AC-64E208880129}"
EndProject
Project("{9A19103F-16F7-4668-BE54-9A1E7A4F7556}") = "R5T.L0071", "..\..\R5T.L0071\source\R5T.L0071\R5T.L0071.csproj", "{C179A6B9-7DE6-4BF7-A0E4-1F23BB3B0D1A}"
EndProject
Project("{9A19103F-16F7-4668-BE54-9A1E7A4F7556}") = "R5T.L0089.F000", "..\..\R5T.L0089\source\R5T.L0089.F000\R5T.L0089.F000.csproj", "{B591BAB4-BA84-4AAD-9720-C7853F622D29}"
EndProject
Project("{9A19103F-16F7-4668-BE54-9A1E7A4F7556}") = "R5T.L0089.T000", "..\..\R5T.L0089\source\R5T.L0089.T000\R5T.L0089.T000.csproj", "{2A490225-0EAB-495B-B0C7-36B9B4309048}"
EndProject
Project("{9A19103F-16F7-4668-BE54-9A1E7A4F7556}") = "R5T.L0089", "..\..\R5T.L0089\source\R5T.L0089\R5T.L0089.csproj", "{BD694FA8-9A83-4ECB-B1AC-AB8EE83297DD}"
EndProject
Project("{9A19103F-16F7-4668-BE54-9A1E7A4F7556}") = "R5T.T0131", "..\..\R5T.T0131\source\R5T.T0131\R5T.T0131.csproj", "{0239AB31-856C-429B-8E2D-E14DFF324EE9}"
EndProject
Project("{9A19103F-16F7-4668-BE54-9A1E7A4F7556}") = "R5T.T0132", "..\..\R5T.T0132\source\R5T.T0132\R5T.T0132.csproj", "{15549C1F-E309-46C9-9EB8-C19BEE47E020}"
EndProject
Project("{9A19103F-16F7-4668-BE54-9A1E7A4F7556}") = "R5T.T0142", "..\..\R5T.T0142\source\R5T.T0142\R5T.T0142.csproj", "{71AA4F48-1BD3-4631-A406-43F3DD94B55F}"
EndProject
Project("{9A19103F-16F7-4668-BE54-9A1E7A4F7556}") = "R5T.T0143", "..\..\R5T.T0143\source\R5T.T0143\R5T.T0143.csproj", "{01453DF8-E1A8-47EB-A6D2-752B70A74A20}"
EndProject
Project("{9A19103F-16F7-4668-BE54-9A1E7A4F7556}") = "R5T.T0156", "..\..\R5T.T0156\source\R5T.T0156\R5T.T0156.csproj", "{DD4D4F96-7B47-4F76-A98A-18F0E63525D8}"
EndProject
Project("{9A19103F-16F7-4668-BE54-9A1E7A4F7556}") = "R5T.T0221", "..\..\R5T.T0221\source\R5T.T0221\R5T.T0221.csproj", "{2F227A33-92A1-4E9E-A869-0BFE1FA6494B}"
EndProject
Project("{9A19103F-16F7-4668-BE54-9A1E7A4F7556}") = "R5T.T0241", "..\..\R5T.T0241\source\R5T.T0241\R5T.T0241.csproj", "{3AE6D6FF-E635-4CB7-ACE5-47A9B624CDCE}"
EndProject
Project("{9A19103F-16F7-4668-BE54-9A1E7A4F7556}") = "R5T.Y0000", "..\..\R5T.Y0000\source\R5T.Y0000\R5T.Y0000.csproj", "{E7C481C3-4CCE-4CAA-BEF5-6E4ED30C2BE3}"
EndProject
Project("{9A19103F-16F7-4668-BE54-9A1E7A4F7556}") = "R5T.Y0006", "..\..\R5T.Y0006\source\R5T.Y0006\R5T.Y0006.csproj", "{D9A0011B-7A24-49D4-A603-3F8769299E47}"
EndProject
Project("{9A19103F-16F7-4668-BE54-9A1E7A4F7556}") = "R5T.Z0000", "..\..\R5T.Z0000\source\R5T.Z0000\R5T.Z0000.csproj", "{8780F69E-751E-4F78-BA0C-6FA5DD37526B}"
EndProject
Project("{9A19103F-16F7-4668-BE54-9A1E7A4F7556}") = "R5T.Z0072.Z000", "..\..\R5T.Z0072\source\R5T.Z0072.Z000\R5T.Z0072.Z000.csproj", "{F0E1076A-99F6-4AE7-9273-E90991B667F7}"
EndProject
Project("{9A19103F-16F7-4668-BE54-9A1E7A4F7556}") = "R5T.Z0072.Z002", "..\..\R5T.Z0072\source\R5T.Z0072.Z002\R5T.Z0072.Z002.csproj", "{04DB4CB3-7EB9-49C5-80E6-438C864EA644}"
EndProject
Global
	GlobalSection(NestedProjects) = preSolution
		{0BB90F34-600F-4810-8981-04BD8E031736} = {79327376-1AEB-4DC3-9106-479E4A9B7E05}
		{7747EF62-53E6-4C3D-8CF5-9313F04ED478} = {79327376-1AEB-4DC3-9106-479E4A9B7E05}
		{F6A51C54-3F98-491E-B0E4-18EE17200D8F} = {79327376-1AEB-4DC3-9106-479E4A9B7E05}
		{F292CA78-E64E-403C-B10D-A66795D0FCEF} = {79327376-1AEB-4DC3-9106-479E4A9B7E05}
		{F9070EC5-A7CF-4873-9191-53BCF3EC5D70} = {79327376-1AEB-4DC3-9106-479E4A9B7E05}
		{139F90FC-D92D-45CB-A596-98243F28776C} = {79327376-1AEB-4DC3-9106-479E4A9B7E05}
		{29E1A968-D8B1-4E55-9137-8C464C15DE01} = {79327376-1AEB-4DC3-9106-479E4A9B7E05}
		{C2208282-DC21-42F1-8A03-7FA6243722EF} = {79327376-1AEB-4DC3-9106-479E4A9B7E05}
		{CC73D8AD-B3E8-4C41-86A8-028C4685D330} = {79327376-1AEB-4DC3-9106-479E4A9B7E05}
		{BCECB938-2A47-4DB0-A419-55C85C36C5C4} = {79327376-1AEB-4DC3-9106-479E4A9B7E05}
		{36BDC629-A1A6-449E-AF04-867F257288B5} = {79327376-1AEB-4DC3-9106-479E4A9B7E05}
		{2D4E8476-4480-4257-B4FD-469D198DEC8E} = {79327376-1AEB-4DC3-9106-479E4A9B7E05}
		{ECC9DC89-5885-4507-B6AD-7C8BDDE2DBC3} = {79327376-1AEB-4DC3-9106-479E4A9B7E05}
		{ADE74784-82A4-4CB1-BCA2-AACCE10C10D2} = {79327376-1AEB-4DC3-9106-479E4A9B7E05}
		{B7F161B8-E790-4283-B97D-757BA5231C7B} = {79327376-1AEB-4DC3-9106-479E4A9B7E05}
		{04574359-0C25-45B6-BA9F-38E72B1920A0} = {79327376-1AEB-4DC3-9106-479E4A9B7E05}
		{73190582-7290-4C15-9C2E-3B350688B245} = {79327376-1AEB-4DC3-9106-479E4A9B7E05}
		{6E6D3391-5EF1-4CE2-9EB7-965CE932BEBF} = {79327376-1AEB-4DC3-9106-479E4A9B7E05}
		{67CAD09A-D97D-4D25-A066-395B2476C295} = {79327376-1AEB-4DC3-9106-479E4A9B7E05}
		{805BB6F9-F8BC-4336-B7FA-16DE2248AA3E} = {79327376-1AEB-4DC3-9106-479E4A9B7E05}
		{423F1712-7AF3-46B1-9EF9-379ECB2243C2} = {79327376-1AEB-4DC3-9106-479E4A9B7E05}
		{6B8F4030-F62E-49AE-A5F4-6B28A27D4216} = {79327376-1AEB-4DC3-9106-479E4A9B7E05}
		{9FB3735C-DEA2-4EB3-BD58-C45473CB0297} = {79327376-1AEB-4DC3-9106-479E4A9B7E05}
		{4C303664-6589-44E9-911B-B0990E29092F} = {79327376-1AEB-4DC3-9106-479E4A9B7E05}
		{ADB20DBE-F88E-40E6-A104-2ED523CDE6CC} = {79327376-1AEB-4DC3-9106-479E4A9B7E05}
		{1A317F60-E266-4CA7-AC39-A602367D3755} = {79327376-1AEB-4DC3-9106-479E4A9B7E05}
		{83F72723-D022-4D33-AE6A-679F80317EB5} = {79327376-1AEB-4DC3-9106-479E4A9B7E05}
		{6EB7544D-F403-4A95-BBDB-6E3FBF4391A3} = {79327376-1AEB-4DC3-9106-479E4A9B7E05}
		{5C6367A8-82FB-4F97-930C-9E12B79D0E45} = {79327376-1AEB-4DC3-9106-479E4A9B7E05}
		{3219257B-6326-4439-B09C-4042D896ED81} = {79327376-1AEB-4DC3-9106-479E4A9B7E05}
		{BA3B5851-F32A-4C8B-86AC-64E208880129} = {79327376-1AEB-4DC3-9106-479E4A9B7E05}
		{C179A6B9-7DE6-4BF7-A0E4-1F23BB3B0D1A} = {79327376-1AEB-4DC3-9106-479E4A9B7E05}
		{B591BAB4-BA84-4AAD-9720-C7853F622D29} = {79327376-1AEB-4DC3-9106-479E4A9B7E05}
		{2A490225-0EAB-495B-B0C7-36B9B4309048} = {79327376-1AEB-4DC3-9106-479E4A9B7E05}
		{BD694FA8-9A83-4ECB-B1AC-AB8EE83297DD} = {79327376-1AEB-4DC3-9106-479E4A9B7E05}
		{0239AB31-856C-429B-8E2D-E14DFF324EE9} = {79327376-1AEB-4DC3-9106-479E4A9B7E05}
		{15549C1F-E309-46C9-9EB8-C19BEE47E020} = {79327376-1AEB-4DC3-9106-479E4A9B7E05}
		{71AA4F48-1BD3-4631-A406-43F3DD94B55F} = {79327376-1AEB-4DC3-9106-479E4A9B7E05}
		{01453DF8-E1A8-47EB-A6D2-752B70A74A20} = {79327376-1AEB-4DC3-9106-479E4A9B7E05}
		{DD4D4F96-7B47-4F76-A98A-18F0E63525D8} = {79327376-1AEB-4DC3-9106-479E4A9B7E05}
		{2F227A33-92A1-4E9E-A869-0BFE1FA6494B} = {79327376-1AEB-4DC3-9106-479E4A9B7E05}
		{3AE6D6FF-E635-4CB7-ACE5-47A9B624CDCE} = {79327376-1AEB-4DC3-9106-479E4A9B7E05}
		{E7C481C3-4CCE-4CAA-BEF5-6E4ED30C2BE3} = {79327376-1AEB-4DC3-9106-479E4A9B7E05}
		{D9A0011B-7A24-49D4-A603-3F8769299E47} = {79327376-1AEB-4DC3-9106-479E4A9B7E05}
		{8780F69E-751E-4F78-BA0C-6FA5DD37526B} = {79327376-1AEB-4DC3-9106-479E4A9B7E05}
		{F0E1076A-99F6-4AE7-9273-E90991B667F7} = {79327376-1AEB-4DC3-9106-479E4A9B7E05}
		{04DB4CB3-7EB9-49C5-80E6-438C864EA644} = {79327376-1AEB-4DC3-9106-479E4A9B7E05}
	EndGlobalSection
	GlobalSection(SolutionConfigurationPlatforms) = preSolution
		Debug|Any CPU = Debug|Any CPU
		Debug|x64 = Debug|x64
		Debug|x86 = Debug|x86
		Release|Any CPU = Release|Any CPU
		Release|x64 = Release|x64
		Release|x86 = Release|x86
	EndGlobalSection
	GlobalSection(ProjectConfigurationPlatforms) = postSolution
		{369AF896-976C-46D1-A93B-532F093614C2}.Debug|Any CPU.ActiveCfg = Debug|Any CPU
		{369AF896-976C-46D1-A93B-532F093614C2}.Debug|Any CPU.Build.0 = Debug|Any CPU
		{369AF896-976C-46D1-A93B-532F093614C2}.Debug|x64.ActiveCfg = Debug|Any CPU
		{369AF896-976C-46D1-A93B-532F093614C2}.Debug|x64.Build.0 = Debug|Any CPU
		{369AF896-976C-46D1-A93B-532F093614C2}.Debug|x86.ActiveCfg = Debug|Any CPU
		{369AF896-976C-46D1-A93B-532F093614C2}.Debug|x86.Build.0 = Debug|Any CPU
		{369AF896-976C-46D1-A93B-532F093614C2}.Release|Any CPU.ActiveCfg = Release|Any CPU
		{369AF896-976C-46D1-A93B-532F093614C2}.Release|Any CPU.Build.0 = Release|Any CPU
		{369AF896-976C-46D1-A93B-532F093614C2}.Release|x64.ActiveCfg = Release|Any CPU
		{369AF896-976C-46D1-A93B-532F093614C2}.Release|x64.Build.0 = Release|Any CPU
		{369AF896-976C-46D1-A93B-532F093614C2}.Release|x86.ActiveCfg = Release|Any CPU
		{369AF896-976C-46D1-A93B-532F093614C2}.Release|x86.Build.0 = Release|Any CPU
		{0BB90F34-600F-4810-8981-04BD8E031736}.Debug|Any CPU.ActiveCfg = Debug|Any CPU
		{0BB90F34-600F-4810-8981-04BD8E031736}.Debug|Any CPU.Build.0 = Debug|Any CPU
		{0BB90F34-600F-4810-8981-04BD8E031736}.Debug|x64.ActiveCfg = Debug|Any CPU
		{0BB90F34-600F-4810-8981-04BD8E031736}.Debug|x64.Build.0 = Debug|Any CPU
		{0BB90F34-600F-4810-8981-04BD8E031736}.Debug|x86.ActiveCfg = Debug|Any CPU
		{0BB90F34-600F-4810-8981-04BD8E031736}.Debug|x86.Build.0 = Debug|Any CPU
		{0BB90F34-600F-4810-8981-04BD8E031736}.Release|Any CPU.ActiveCfg = Release|Any CPU
		{0BB90F34-600F-4810-8981-04BD8E031736}.Release|Any CPU.Build.0 = Release|Any CPU
		{0BB90F34-600F-4810-8981-04BD8E031736}.Release|x64.ActiveCfg = Release|Any CPU
		{0BB90F34-600F-4810-8981-04BD8E031736}.Release|x64.Build.0 = Release|Any CPU
		{0BB90F34-600F-4810-8981-04BD8E031736}.Release|x86.ActiveCfg = Release|Any CPU
		{0BB90F34-600F-4810-8981-04BD8E031736}.Release|x86.Build.0 = Release|Any CPU
		{7747EF62-53E6-4C3D-8CF5-9313F04ED478}.Debug|Any CPU.ActiveCfg = Debug|Any CPU
		{7747EF62-53E6-4C3D-8CF5-9313F04ED478}.Debug|Any CPU.Build.0 = Debug|Any CPU
		{7747EF62-53E6-4C3D-8CF5-9313F04ED478}.Debug|x64.ActiveCfg = Debug|Any CPU
		{7747EF62-53E6-4C3D-8CF5-9313F04ED478}.Debug|x64.Build.0 = Debug|Any CPU
		{7747EF62-53E6-4C3D-8CF5-9313F04ED478}.Debug|x86.ActiveCfg = Debug|Any CPU
		{7747EF62-53E6-4C3D-8CF5-9313F04ED478}.Debug|x86.Build.0 = Debug|Any CPU
		{7747EF62-53E6-4C3D-8CF5-9313F04ED478}.Release|Any CPU.ActiveCfg = Release|Any CPU
		{7747EF62-53E6-4C3D-8CF5-9313F04ED478}.Release|Any CPU.Build.0 = Release|Any CPU
		{7747EF62-53E6-4C3D-8CF5-9313F04ED478}.Release|x64.ActiveCfg = Release|Any CPU
		{7747EF62-53E6-4C3D-8CF5-9313F04ED478}.Release|x64.Build.0 = Release|Any CPU
		{7747EF62-53E6-4C3D-8CF5-9313F04ED478}.Release|x86.ActiveCfg = Release|Any CPU
		{7747EF62-53E6-4C3D-8CF5-9313F04ED478}.Release|x86.Build.0 = Release|Any CPU
		{F6A51C54-3F98-491E-B0E4-18EE17200D8F}.Debug|Any CPU.ActiveCfg = Debug|Any CPU
		{F6A51C54-3F98-491E-B0E4-18EE17200D8F}.Debug|Any CPU.Build.0 = Debug|Any CPU
		{F6A51C54-3F98-491E-B0E4-18EE17200D8F}.Debug|x64.ActiveCfg = Debug|Any CPU
		{F6A51C54-3F98-491E-B0E4-18EE17200D8F}.Debug|x64.Build.0 = Debug|Any CPU
		{F6A51C54-3F98-491E-B0E4-18EE17200D8F}.Debug|x86.ActiveCfg = Debug|Any CPU
		{F6A51C54-3F98-491E-B0E4-18EE17200D8F}.Debug|x86.Build.0 = Debug|Any CPU
		{F6A51C54-3F98-491E-B0E4-18EE17200D8F}.Release|Any CPU.ActiveCfg = Release|Any CPU
		{F6A51C54-3F98-491E-B0E4-18EE17200D8F}.Release|Any CPU.Build.0 = Release|Any CPU
		{F6A51C54-3F98-491E-B0E4-18EE17200D8F}.Release|x64.ActiveCfg = Release|Any CPU
		{F6A51C54-3F98-491E-B0E4-18EE17200D8F}.Release|x64.Build.0 = Release|Any CPU
		{F6A51C54-3F98-491E-B0E4-18EE17200D8F}.Release|x86.ActiveCfg = Release|Any CPU
		{F6A51C54-3F98-491E-B0E4-18EE17200D8F}.Release|x86.Build.0 = Release|Any CPU
		{F292CA78-E64E-403C-B10D-A66795D0FCEF}.Debug|Any CPU.ActiveCfg = Debug|Any CPU
		{F292CA78-E64E-403C-B10D-A66795D0FCEF}.Debug|Any CPU.Build.0 = Debug|Any CPU
		{F292CA78-E64E-403C-B10D-A66795D0FCEF}.Debug|x64.ActiveCfg = Debug|Any CPU
		{F292CA78-E64E-403C-B10D-A66795D0FCEF}.Debug|x64.Build.0 = Debug|Any CPU
		{F292CA78-E64E-403C-B10D-A66795D0FCEF}.Debug|x86.ActiveCfg = Debug|Any CPU
		{F292CA78-E64E-403C-B10D-A66795D0FCEF}.Debug|x86.Build.0 = Debug|Any CPU
		{F292CA78-E64E-403C-B10D-A66795D0FCEF}.Release|Any CPU.ActiveCfg = Release|Any CPU
		{F292CA78-E64E-403C-B10D-A66795D0FCEF}.Release|Any CPU.Build.0 = Release|Any CPU
		{F292CA78-E64E-403C-B10D-A66795D0FCEF}.Release|x64.ActiveCfg = Release|Any CPU
		{F292CA78-E64E-403C-B10D-A66795D0FCEF}.Release|x64.Build.0 = Release|Any CPU
		{F292CA78-E64E-403C-B10D-A66795D0FCEF}.Release|x86.ActiveCfg = Release|Any CPU
		{F292CA78-E64E-403C-B10D-A66795D0FCEF}.Release|x86.Build.0 = Release|Any CPU
		{F9070EC5-A7CF-4873-9191-53BCF3EC5D70}.Debug|Any CPU.ActiveCfg = Debug|Any CPU
		{F9070EC5-A7CF-4873-9191-53BCF3EC5D70}.Debug|Any CPU.Build.0 = Debug|Any CPU
		{F9070EC5-A7CF-4873-9191-53BCF3EC5D70}.Debug|x64.ActiveCfg = Debug|Any CPU
		{F9070EC5-A7CF-4873-9191-53BCF3EC5D70}.Debug|x64.Build.0 = Debug|Any CPU
		{F9070EC5-A7CF-4873-9191-53BCF3EC5D70}.Debug|x86.ActiveCfg = Debug|Any CPU
		{F9070EC5-A7CF-4873-9191-53BCF3EC5D70}.Debug|x86.Build.0 = Debug|Any CPU
		{F9070EC5-A7CF-4873-9191-53BCF3EC5D70}.Release|Any CPU.ActiveCfg = Release|Any CPU
		{F9070EC5-A7CF-4873-9191-53BCF3EC5D70}.Release|Any CPU.Build.0 = Release|Any CPU
		{F9070EC5-A7CF-4873-9191-53BCF3EC5D70}.Release|x64.ActiveCfg = Release|Any CPU
		{F9070EC5-A7CF-4873-9191-53BCF3EC5D70}.Release|x64.Build.0 = Release|Any CPU
		{F9070EC5-A7CF-4873-9191-53BCF3EC5D70}.Release|x86.ActiveCfg = Release|Any CPU
		{F9070EC5-A7CF-4873-9191-53BCF3EC5D70}.Release|x86.Build.0 = Release|Any CPU
		{139F90FC-D92D-45CB-A596-98243F28776C}.Debug|Any CPU.ActiveCfg = Debug|Any CPU
		{139F90FC-D92D-45CB-A596-98243F28776C}.Debug|Any CPU.Build.0 = Debug|Any CPU
		{139F90FC-D92D-45CB-A596-98243F28776C}.Debug|x64.ActiveCfg = Debug|Any CPU
		{139F90FC-D92D-45CB-A596-98243F28776C}.Debug|x64.Build.0 = Debug|Any CPU
		{139F90FC-D92D-45CB-A596-98243F28776C}.Debug|x86.ActiveCfg = Debug|Any CPU
		{139F90FC-D92D-45CB-A596-98243F28776C}.Debug|x86.Build.0 = Debug|Any CPU
		{139F90FC-D92D-45CB-A596-98243F28776C}.Release|Any CPU.ActiveCfg = Release|Any CPU
		{139F90FC-D92D-45CB-A596-98243F28776C}.Release|Any CPU.Build.0 = Release|Any CPU
		{139F90FC-D92D-45CB-A596-98243F28776C}.Release|x64.ActiveCfg = Release|Any CPU
		{139F90FC-D92D-45CB-A596-98243F28776C}.Release|x64.Build.0 = Release|Any CPU
		{139F90FC-D92D-45CB-A596-98243F28776C}.Release|x86.ActiveCfg = Release|Any CPU
		{139F90FC-D92D-45CB-A596-98243F28776C}.Release|x86.Build.0 = Release|Any CPU
		{29E1A968-D8B1-4E55-9137-8C464C15DE01}.Debug|Any CPU.ActiveCfg = Debug|Any CPU
		{29E1A968-D8B1-4E55-9137-8C464C15DE01}.Debug|Any CPU.Build.0 = Debug|Any CPU
		{29E1A968-D8B1-4E55-9137-8C464C15DE01}.Debug|x64.ActiveCfg = Debug|Any CPU
		{29E1A968-D8B1-4E55-9137-8C464C15DE01}.Debug|x64.Build.0 = Debug|Any CPU
		{29E1A968-D8B1-4E55-9137-8C464C15DE01}.Debug|x86.ActiveCfg = Debug|Any CPU
		{29E1A968-D8B1-4E55-9137-8C464C15DE01}.Debug|x86.Build.0 = Debug|Any CPU
		{29E1A968-D8B1-4E55-9137-8C464C15DE01}.Release|Any CPU.ActiveCfg = Release|Any CPU
		{29E1A968-D8B1-4E55-9137-8C464C15DE01}.Release|Any CPU.Build.0 = Release|Any CPU
		{29E1A968-D8B1-4E55-9137-8C464C15DE01}.Release|x64.ActiveCfg = Release|Any CPU
		{29E1A968-D8B1-4E55-9137-8C464C15DE01}.Release|x64.Build.0 = Release|Any CPU
		{29E1A968-D8B1-4E55-9137-8C464C15DE01}.Release|x86.ActiveCfg = Release|Any CPU
		{29E1A968-D8B1-4E55-9137-8C464C15DE01}.Release|x86.Build.0 = Release|Any CPU
		{C2208282-DC21-42F1-8A03-7FA6243722EF}.Debug|Any CPU.ActiveCfg = Debug|Any CPU
		{C2208282-DC21-42F1-8A03-7FA6243722EF}.Debug|Any CPU.Build.0 = Debug|Any CPU
		{C2208282-DC21-42F1-8A03-7FA6243722EF}.Debug|x64.ActiveCfg = Debug|Any CPU
		{C2208282-DC21-42F1-8A03-7FA6243722EF}.Debug|x64.Build.0 = Debug|Any CPU
		{C2208282-DC21-42F1-8A03-7FA6243722EF}.Debug|x86.ActiveCfg = Debug|Any CPU
		{C2208282-DC21-42F1-8A03-7FA6243722EF}.Debug|x86.Build.0 = Debug|Any CPU
		{C2208282-DC21-42F1-8A03-7FA6243722EF}.Release|Any CPU.ActiveCfg = Release|Any CPU
		{C2208282-DC21-42F1-8A03-7FA6243722EF}.Release|Any CPU.Build.0 = Release|Any CPU
		{C2208282-DC21-42F1-8A03-7FA6243722EF}.Release|x64.ActiveCfg = Release|Any CPU
		{C2208282-DC21-42F1-8A03-7FA6243722EF}.Release|x64.Build.0 = Release|Any CPU
		{C2208282-DC21-42F1-8A03-7FA6243722EF}.Release|x86.ActiveCfg = Release|Any CPU
		{C2208282-DC21-42F1-8A03-7FA6243722EF}.Release|x86.Build.0 = Release|Any CPU
		{CC73D8AD-B3E8-4C41-86A8-028C4685D330}.Debug|Any CPU.ActiveCfg = Debug|Any CPU
		{CC73D8AD-B3E8-4C41-86A8-028C4685D330}.Debug|Any CPU.Build.0 = Debug|Any CPU
		{CC73D8AD-B3E8-4C41-86A8-028C4685D330}.Debug|x64.ActiveCfg = Debug|Any CPU
		{CC73D8AD-B3E8-4C41-86A8-028C4685D330}.Debug|x64.Build.0 = Debug|Any CPU
		{CC73D8AD-B3E8-4C41-86A8-028C4685D330}.Debug|x86.ActiveCfg = Debug|Any CPU
		{CC73D8AD-B3E8-4C41-86A8-028C4685D330}.Debug|x86.Build.0 = Debug|Any CPU
		{CC73D8AD-B3E8-4C41-86A8-028C4685D330}.Release|Any CPU.ActiveCfg = Release|Any CPU
		{CC73D8AD-B3E8-4C41-86A8-028C4685D330}.Release|Any CPU.Build.0 = Release|Any CPU
		{CC73D8AD-B3E8-4C41-86A8-028C4685D330}.Release|x64.ActiveCfg = Release|Any CPU
		{CC73D8AD-B3E8-4C41-86A8-028C4685D330}.Release|x64.Build.0 = Release|Any CPU
		{CC73D8AD-B3E8-4C41-86A8-028C4685D330}.Release|x86.ActiveCfg = Release|Any CPU
		{CC73D8AD-B3E8-4C41-86A8-028C4685D330}.Release|x86.Build.0 = Release|Any CPU
		{BCECB938-2A47-4DB0-A419-55C85C36C5C4}.Debug|Any CPU.ActiveCfg = Debug|Any CPU
		{BCECB938-2A47-4DB0-A419-55C85C36C5C4}.Debug|Any CPU.Build.0 = Debug|Any CPU
		{BCECB938-2A47-4DB0-A419-55C85C36C5C4}.Debug|x64.ActiveCfg = Debug|Any CPU
		{BCECB938-2A47-4DB0-A419-55C85C36C5C4}.Debug|x64.Build.0 = Debug|Any CPU
		{BCECB938-2A47-4DB0-A419-55C85C36C5C4}.Debug|x86.ActiveCfg = Debug|Any CPU
		{BCECB938-2A47-4DB0-A419-55C85C36C5C4}.Debug|x86.Build.0 = Debug|Any CPU
		{BCECB938-2A47-4DB0-A419-55C85C36C5C4}.Release|Any CPU.ActiveCfg = Release|Any CPU
		{BCECB938-2A47-4DB0-A419-55C85C36C5C4}.Release|Any CPU.Build.0 = Release|Any CPU
		{BCECB938-2A47-4DB0-A419-55C85C36C5C4}.Release|x64.ActiveCfg = Release|Any CPU
		{BCECB938-2A47-4DB0-A419-55C85C36C5C4}.Release|x64.Build.0 = Release|Any CPU
		{BCECB938-2A47-4DB0-A419-55C85C36C5C4}.Release|x86.ActiveCfg = Release|Any CPU
		{BCECB938-2A47-4DB0-A419-55C85C36C5C4}.Release|x86.Build.0 = Release|Any CPU
		{36BDC629-A1A6-449E-AF04-867F257288B5}.Debug|Any CPU.ActiveCfg = Debug|Any CPU
		{36BDC629-A1A6-449E-AF04-867F257288B5}.Debug|Any CPU.Build.0 = Debug|Any CPU
		{36BDC629-A1A6-449E-AF04-867F257288B5}.Debug|x64.ActiveCfg = Debug|Any CPU
		{36BDC629-A1A6-449E-AF04-867F257288B5}.Debug|x64.Build.0 = Debug|Any CPU
		{36BDC629-A1A6-449E-AF04-867F257288B5}.Debug|x86.ActiveCfg = Debug|Any CPU
		{36BDC629-A1A6-449E-AF04-867F257288B5}.Debug|x86.Build.0 = Debug|Any CPU
		{36BDC629-A1A6-449E-AF04-867F257288B5}.Release|Any CPU.ActiveCfg = Release|Any CPU
		{36BDC629-A1A6-449E-AF04-867F257288B5}.Release|Any CPU.Build.0 = Release|Any CPU
		{36BDC629-A1A6-449E-AF04-867F257288B5}.Release|x64.ActiveCfg = Release|Any CPU
		{36BDC629-A1A6-449E-AF04-867F257288B5}.Release|x64.Build.0 = Release|Any CPU
		{36BDC629-A1A6-449E-AF04-867F257288B5}.Release|x86.ActiveCfg = Release|Any CPU
		{36BDC629-A1A6-449E-AF04-867F257288B5}.Release|x86.Build.0 = Release|Any CPU
		{2D4E8476-4480-4257-B4FD-469D198DEC8E}.Debug|Any CPU.ActiveCfg = Debug|Any CPU
		{2D4E8476-4480-4257-B4FD-469D198DEC8E}.Debug|Any CPU.Build.0 = Debug|Any CPU
		{2D4E8476-4480-4257-B4FD-469D198DEC8E}.Debug|x64.ActiveCfg = Debug|Any CPU
		{2D4E8476-4480-4257-B4FD-469D198DEC8E}.Debug|x64.Build.0 = Debug|Any CPU
		{2D4E8476-4480-4257-B4FD-469D198DEC8E}.Debug|x86.ActiveCfg = Debug|Any CPU
		{2D4E8476-4480-4257-B4FD-469D198DEC8E}.Debug|x86.Build.0 = Debug|Any CPU
		{2D4E8476-4480-4257-B4FD-469D198DEC8E}.Release|Any CPU.ActiveCfg = Release|Any CPU
		{2D4E8476-4480-4257-B4FD-469D198DEC8E}.Release|Any CPU.Build.0 = Release|Any CPU
		{2D4E8476-4480-4257-B4FD-469D198DEC8E}.Release|x64.ActiveCfg = Release|Any CPU
		{2D4E8476-4480-4257-B4FD-469D198DEC8E}.Release|x64.Build.0 = Release|Any CPU
		{2D4E8476-4480-4257-B4FD-469D198DEC8E}.Release|x86.ActiveCfg = Release|Any CPU
		{2D4E8476-4480-4257-B4FD-469D198DEC8E}.Release|x86.Build.0 = Release|Any CPU
		{ECC9DC89-5885-4507-B6AD-7C8BDDE2DBC3}.Debug|Any CPU.ActiveCfg = Debug|Any CPU
		{ECC9DC89-5885-4507-B6AD-7C8BDDE2DBC3}.Debug|Any CPU.Build.0 = Debug|Any CPU
		{ECC9DC89-5885-4507-B6AD-7C8BDDE2DBC3}.Debug|x64.ActiveCfg = Debug|Any CPU
		{ECC9DC89-5885-4507-B6AD-7C8BDDE2DBC3}.Debug|x64.Build.0 = Debug|Any CPU
		{ECC9DC89-5885-4507-B6AD-7C8BDDE2DBC3}.Debug|x86.ActiveCfg = Debug|Any CPU
		{ECC9DC89-5885-4507-B6AD-7C8BDDE2DBC3}.Debug|x86.Build.0 = Debug|Any CPU
		{ECC9DC89-5885-4507-B6AD-7C8BDDE2DBC3}.Release|Any CPU.ActiveCfg = Release|Any CPU
		{ECC9DC89-5885-4507-B6AD-7C8BDDE2DBC3}.Release|Any CPU.Build.0 = Release|Any CPU
		{ECC9DC89-5885-4507-B6AD-7C8BDDE2DBC3}.Release|x64.ActiveCfg = Release|Any CPU
		{ECC9DC89-5885-4507-B6AD-7C8BDDE2DBC3}.Release|x64.Build.0 = Release|Any CPU
		{ECC9DC89-5885-4507-B6AD-7C8BDDE2DBC3}.Release|x86.ActiveCfg = Release|Any CPU
		{ECC9DC89-5885-4507-B6AD-7C8BDDE2DBC3}.Release|x86.Build.0 = Release|Any CPU
		{ADE74784-82A4-4CB1-BCA2-AACCE10C10D2}.Debug|Any CPU.ActiveCfg = Debug|Any CPU
		{ADE74784-82A4-4CB1-BCA2-AACCE10C10D2}.Debug|Any CPU.Build.0 = Debug|Any CPU
		{ADE74784-82A4-4CB1-BCA2-AACCE10C10D2}.Debug|x64.ActiveCfg = Debug|Any CPU
		{ADE74784-82A4-4CB1-BCA2-AACCE10C10D2}.Debug|x64.Build.0 = Debug|Any CPU
		{ADE74784-82A4-4CB1-BCA2-AACCE10C10D2}.Debug|x86.ActiveCfg = Debug|Any CPU
		{ADE74784-82A4-4CB1-BCA2-AACCE10C10D2}.Debug|x86.Build.0 = Debug|Any CPU
		{ADE74784-82A4-4CB1-BCA2-AACCE10C10D2}.Release|Any CPU.ActiveCfg = Release|Any CPU
		{ADE74784-82A4-4CB1-BCA2-AACCE10C10D2}.Release|Any CPU.Build.0 = Release|Any CPU
		{ADE74784-82A4-4CB1-BCA2-AACCE10C10D2}.Release|x64.ActiveCfg = Release|Any CPU
		{ADE74784-82A4-4CB1-BCA2-AACCE10C10D2}.Release|x64.Build.0 = Release|Any CPU
		{ADE74784-82A4-4CB1-BCA2-AACCE10C10D2}.Release|x86.ActiveCfg = Release|Any CPU
		{ADE74784-82A4-4CB1-BCA2-AACCE10C10D2}.Release|x86.Build.0 = Release|Any CPU
		{B7F161B8-E790-4283-B97D-757BA5231C7B}.Debug|Any CPU.ActiveCfg = Debug|Any CPU
		{B7F161B8-E790-4283-B97D-757BA5231C7B}.Debug|Any CPU.Build.0 = Debug|Any CPU
		{B7F161B8-E790-4283-B97D-757BA5231C7B}.Debug|x64.ActiveCfg = Debug|Any CPU
		{B7F161B8-E790-4283-B97D-757BA5231C7B}.Debug|x64.Build.0 = Debug|Any CPU
		{B7F161B8-E790-4283-B97D-757BA5231C7B}.Debug|x86.ActiveCfg = Debug|Any CPU
		{B7F161B8-E790-4283-B97D-757BA5231C7B}.Debug|x86.Build.0 = Debug|Any CPU
		{B7F161B8-E790-4283-B97D-757BA5231C7B}.Release|Any CPU.ActiveCfg = Release|Any CPU
		{B7F161B8-E790-4283-B97D-757BA5231C7B}.Release|Any CPU.Build.0 = Release|Any CPU
		{B7F161B8-E790-4283-B97D-757BA5231C7B}.Release|x64.ActiveCfg = Release|Any CPU
		{B7F161B8-E790-4283-B97D-757BA5231C7B}.Release|x64.Build.0 = Release|Any CPU
		{B7F161B8-E790-4283-B97D-757BA5231C7B}.Release|x86.ActiveCfg = Release|Any CPU
		{B7F161B8-E790-4283-B97D-757BA5231C7B}.Release|x86.Build.0 = Release|Any CPU
		{04574359-0C25-45B6-BA9F-38E72B1920A0}.Debug|Any CPU.ActiveCfg = Debug|Any CPU
		{04574359-0C25-45B6-BA9F-38E72B1920A0}.Debug|Any CPU.Build.0 = Debug|Any CPU
		{04574359-0C25-45B6-BA9F-38E72B1920A0}.Debug|x64.ActiveCfg = Debug|Any CPU
		{04574359-0C25-45B6-BA9F-38E72B1920A0}.Debug|x64.Build.0 = Debug|Any CPU
		{04574359-0C25-45B6-BA9F-38E72B1920A0}.Debug|x86.ActiveCfg = Debug|Any CPU
		{04574359-0C25-45B6-BA9F-38E72B1920A0}.Debug|x86.Build.0 = Debug|Any CPU
		{04574359-0C25-45B6-BA9F-38E72B1920A0}.Release|Any CPU.ActiveCfg = Release|Any CPU
		{04574359-0C25-45B6-BA9F-38E72B1920A0}.Release|Any CPU.Build.0 = Release|Any CPU
		{04574359-0C25-45B6-BA9F-38E72B1920A0}.Release|x64.ActiveCfg = Release|Any CPU
		{04574359-0C25-45B6-BA9F-38E72B1920A0}.Release|x64.Build.0 = Release|Any CPU
		{04574359-0C25-45B6-BA9F-38E72B1920A0}.Release|x86.ActiveCfg = Release|Any CPU
		{04574359-0C25-45B6-BA9F-38E72B1920A0}.Release|x86.Build.0 = Release|Any CPU
		{73190582-7290-4C15-9C2E-3B350688B245}.Debug|Any CPU.ActiveCfg = Debug|Any CPU
		{73190582-7290-4C15-9C2E-3B350688B245}.Debug|Any CPU.Build.0 = Debug|Any CPU
		{73190582-7290-4C15-9C2E-3B350688B245}.Debug|x64.ActiveCfg = Debug|Any CPU
		{73190582-7290-4C15-9C2E-3B350688B245}.Debug|x64.Build.0 = Debug|Any CPU
		{73190582-7290-4C15-9C2E-3B350688B245}.Debug|x86.ActiveCfg = Debug|Any CPU
		{73190582-7290-4C15-9C2E-3B350688B245}.Debug|x86.Build.0 = Debug|Any CPU
		{73190582-7290-4C15-9C2E-3B350688B245}.Release|Any CPU.ActiveCfg = Release|Any CPU
		{73190582-7290-4C15-9C2E-3B350688B245}.Release|Any CPU.Build.0 = Release|Any CPU
		{73190582-7290-4C15-9C2E-3B350688B245}.Release|x64.ActiveCfg = Release|Any CPU
		{73190582-7290-4C15-9C2E-3B350688B245}.Release|x64.Build.0 = Release|Any CPU
		{73190582-7290-4C15-9C2E-3B350688B245}.Release|x86.ActiveCfg = Release|Any CPU
		{73190582-7290-4C15-9C2E-3B350688B245}.Release|x86.Build.0 = Release|Any CPU
		{6E6D3391-5EF1-4CE2-9EB7-965CE932BEBF}.Debug|Any CPU.ActiveCfg = Debug|Any CPU
		{6E6D3391-5EF1-4CE2-9EB7-965CE932BEBF}.Debug|Any CPU.Build.0 = Debug|Any CPU
		{6E6D3391-5EF1-4CE2-9EB7-965CE932BEBF}.Debug|x64.ActiveCfg = Debug|Any CPU
		{6E6D3391-5EF1-4CE2-9EB7-965CE932BEBF}.Debug|x64.Build.0 = Debug|Any CPU
		{6E6D3391-5EF1-4CE2-9EB7-965CE932BEBF}.Debug|x86.ActiveCfg = Debug|Any CPU
		{6E6D3391-5EF1-4CE2-9EB7-965CE932BEBF}.Debug|x86.Build.0 = Debug|Any CPU
		{6E6D3391-5EF1-4CE2-9EB7-965CE932BEBF}.Release|Any CPU.ActiveCfg = Release|Any CPU
		{6E6D3391-5EF1-4CE2-9EB7-965CE932BEBF}.Release|Any CPU.Build.0 = Release|Any CPU
		{6E6D3391-5EF1-4CE2-9EB7-965CE932BEBF}.Release|x64.ActiveCfg = Release|Any CPU
		{6E6D3391-5EF1-4CE2-9EB7-965CE932BEBF}.Release|x64.Build.0 = Release|Any CPU
		{6E6D3391-5EF1-4CE2-9EB7-965CE932BEBF}.Release|x86.ActiveCfg = Release|Any CPU
		{6E6D3391-5EF1-4CE2-9EB7-965CE932BEBF}.Release|x86.Build.0 = Release|Any CPU
		{67CAD09A-D97D-4D25-A066-395B2476C295}.Debug|Any CPU.ActiveCfg = Debug|Any CPU
		{67CAD09A-D97D-4D25-A066-395B2476C295}.Debug|Any CPU.Build.0 = Debug|Any CPU
		{67CAD09A-D97D-4D25-A066-395B2476C295}.Debug|x64.ActiveCfg = Debug|Any CPU
		{67CAD09A-D97D-4D25-A066-395B2476C295}.Debug|x64.Build.0 = Debug|Any CPU
		{67CAD09A-D97D-4D25-A066-395B2476C295}.Debug|x86.ActiveCfg = Debug|Any CPU
		{67CAD09A-D97D-4D25-A066-395B2476C295}.Debug|x86.Build.0 = Debug|Any CPU
		{67CAD09A-D97D-4D25-A066-395B2476C295}.Release|Any CPU.ActiveCfg = Release|Any CPU
		{67CAD09A-D97D-4D25-A066-395B2476C295}.Release|Any CPU.Build.0 = Release|Any CPU
		{67CAD09A-D97D-4D25-A066-395B2476C295}.Release|x64.ActiveCfg = Release|Any CPU
		{67CAD09A-D97D-4D25-A066-395B2476C295}.Release|x64.Build.0 = Release|Any CPU
		{67CAD09A-D97D-4D25-A066-395B2476C295}.Release|x86.ActiveCfg = Release|Any CPU
		{67CAD09A-D97D-4D25-A066-395B2476C295}.Release|x86.Build.0 = Release|Any CPU
		{805BB6F9-F8BC-4336-B7FA-16DE2248AA3E}.Debug|Any CPU.ActiveCfg = Debug|Any CPU
		{805BB6F9-F8BC-4336-B7FA-16DE2248AA3E}.Debug|Any CPU.Build.0 = Debug|Any CPU
		{805BB6F9-F8BC-4336-B7FA-16DE2248AA3E}.Debug|x64.ActiveCfg = Debug|Any CPU
		{805BB6F9-F8BC-4336-B7FA-16DE2248AA3E}.Debug|x64.Build.0 = Debug|Any CPU
		{805BB6F9-F8BC-4336-B7FA-16DE2248AA3E}.Debug|x86.ActiveCfg = Debug|Any CPU
		{805BB6F9-F8BC-4336-B7FA-16DE2248AA3E}.Debug|x86.Build.0 = Debug|Any CPU
		{805BB6F9-F8BC-4336-B7FA-16DE2248AA3E}.Release|Any CPU.ActiveCfg = Release|Any CPU
		{805BB6F9-F8BC-4336-B7FA-16DE2248AA3E}.Release|Any CPU.Build.0 = Release|Any CPU
		{805BB6F9-F8BC-4336-B7FA-16DE2248AA3E}.Release|x64.ActiveCfg = Release|Any CPU
		{805BB6F9-F8BC-4336-B7FA-16DE2248AA3E}.Release|x64.Build.0 = Release|Any CPU
		{805BB6F9-F8BC-4336-B7FA-16DE2248AA3E}.Release|x86.ActiveCfg = Release|Any CPU
		{805BB6F9-F8BC-4336-B7FA-16DE2248AA3E}.Release|x86.Build.0 = Release|Any CPU
		{423F1712-7AF3-46B1-9EF9-379ECB2243C2}.Debug|Any CPU.ActiveCfg = Debug|Any CPU
		{423F1712-7AF3-46B1-9EF9-379ECB2243C2}.Debug|Any CPU.Build.0 = Debug|Any CPU
		{423F1712-7AF3-46B1-9EF9-379ECB2243C2}.Debug|x64.ActiveCfg = Debug|Any CPU
		{423F1712-7AF3-46B1-9EF9-379ECB2243C2}.Debug|x64.Build.0 = Debug|Any CPU
		{423F1712-7AF3-46B1-9EF9-379ECB2243C2}.Debug|x86.ActiveCfg = Debug|Any CPU
		{423F1712-7AF3-46B1-9EF9-379ECB2243C2}.Debug|x86.Build.0 = Debug|Any CPU
		{423F1712-7AF3-46B1-9EF9-379ECB2243C2}.Release|Any CPU.ActiveCfg = Release|Any CPU
		{423F1712-7AF3-46B1-9EF9-379ECB2243C2}.Release|Any CPU.Build.0 = Release|Any CPU
		{423F1712-7AF3-46B1-9EF9-379ECB2243C2}.Release|x64.ActiveCfg = Release|Any CPU
		{423F1712-7AF3-46B1-9EF9-379ECB2243C2}.Release|x64.Build.0 = Release|Any CPU
		{423F1712-7AF3-46B1-9EF9-379ECB2243C2}.Release|x86.ActiveCfg = Release|Any CPU
		{423F1712-7AF3-46B1-9EF9-379ECB2243C2}.Release|x86.Build.0 = Release|Any CPU
		{6B8F4030-F62E-49AE-A5F4-6B28A27D4216}.Debug|Any CPU.ActiveCfg = Debug|Any CPU
		{6B8F4030-F62E-49AE-A5F4-6B28A27D4216}.Debug|Any CPU.Build.0 = Debug|Any CPU
		{6B8F4030-F62E-49AE-A5F4-6B28A27D4216}.Debug|x64.ActiveCfg = Debug|Any CPU
		{6B8F4030-F62E-49AE-A5F4-6B28A27D4216}.Debug|x64.Build.0 = Debug|Any CPU
		{6B8F4030-F62E-49AE-A5F4-6B28A27D4216}.Debug|x86.ActiveCfg = Debug|Any CPU
		{6B8F4030-F62E-49AE-A5F4-6B28A27D4216}.Debug|x86.Build.0 = Debug|Any CPU
		{6B8F4030-F62E-49AE-A5F4-6B28A27D4216}.Release|Any CPU.ActiveCfg = Release|Any CPU
		{6B8F4030-F62E-49AE-A5F4-6B28A27D4216}.Release|Any CPU.Build.0 = Release|Any CPU
		{6B8F4030-F62E-49AE-A5F4-6B28A27D4216}.Release|x64.ActiveCfg = Release|Any CPU
		{6B8F4030-F62E-49AE-A5F4-6B28A27D4216}.Release|x64.Build.0 = Release|Any CPU
		{6B8F4030-F62E-49AE-A5F4-6B28A27D4216}.Release|x86.ActiveCfg = Release|Any CPU
		{6B8F4030-F62E-49AE-A5F4-6B28A27D4216}.Release|x86.Build.0 = Release|Any CPU
		{9FB3735C-DEA2-4EB3-BD58-C45473CB0297}.Debug|Any CPU.ActiveCfg = Debug|Any CPU
		{9FB3735C-DEA2-4EB3-BD58-C45473CB0297}.Debug|Any CPU.Build.0 = Debug|Any CPU
		{9FB3735C-DEA2-4EB3-BD58-C45473CB0297}.Debug|x64.ActiveCfg = Debug|Any CPU
		{9FB3735C-DEA2-4EB3-BD58-C45473CB0297}.Debug|x64.Build.0 = Debug|Any CPU
		{9FB3735C-DEA2-4EB3-BD58-C45473CB0297}.Debug|x86.ActiveCfg = Debug|Any CPU
		{9FB3735C-DEA2-4EB3-BD58-C45473CB0297}.Debug|x86.Build.0 = Debug|Any CPU
		{9FB3735C-DEA2-4EB3-BD58-C45473CB0297}.Release|Any CPU.ActiveCfg = Release|Any CPU
		{9FB3735C-DEA2-4EB3-BD58-C45473CB0297}.Release|Any CPU.Build.0 = Release|Any CPU
		{9FB3735C-DEA2-4EB3-BD58-C45473CB0297}.Release|x64.ActiveCfg = Release|Any CPU
		{9FB3735C-DEA2-4EB3-BD58-C45473CB0297}.Release|x64.Build.0 = Release|Any CPU
		{9FB3735C-DEA2-4EB3-BD58-C45473CB0297}.Release|x86.ActiveCfg = Release|Any CPU
		{9FB3735C-DEA2-4EB3-BD58-C45473CB0297}.Release|x86.Build.0 = Release|Any CPU
		{4C303664-6589-44E9-911B-B0990E29092F}.Debug|Any CPU.ActiveCfg = Debug|Any CPU
		{4C303664-6589-44E9-911B-B0990E29092F}.Debug|Any CPU.Build.0 = Debug|Any CPU
		{4C303664-6589-44E9-911B-B0990E29092F}.Debug|x64.ActiveCfg = Debug|Any CPU
		{4C303664-6589-44E9-911B-B0990E29092F}.Debug|x64.Build.0 = Debug|Any CPU
		{4C303664-6589-44E9-911B-B0990E29092F}.Debug|x86.ActiveCfg = Debug|Any CPU
		{4C303664-6589-44E9-911B-B0990E29092F}.Debug|x86.Build.0 = Debug|Any CPU
		{4C303664-6589-44E9-911B-B0990E29092F}.Release|Any CPU.ActiveCfg = Release|Any CPU
		{4C303664-6589-44E9-911B-B0990E29092F}.Release|Any CPU.Build.0 = Release|Any CPU
		{4C303664-6589-44E9-911B-B0990E29092F}.Release|x64.ActiveCfg = Release|Any CPU
		{4C303664-6589-44E9-911B-B0990E29092F}.Release|x64.Build.0 = Release|Any CPU
		{4C303664-6589-44E9-911B-B0990E29092F}.Release|x86.ActiveCfg = Release|Any CPU
		{4C303664-6589-44E9-911B-B0990E29092F}.Release|x86.Build.0 = Release|Any CPU
		{ADB20DBE-F88E-40E6-A104-2ED523CDE6CC}.Debug|Any CPU.ActiveCfg = Debug|Any CPU
		{ADB20DBE-F88E-40E6-A104-2ED523CDE6CC}.Debug|Any CPU.Build.0 = Debug|Any CPU
		{ADB20DBE-F88E-40E6-A104-2ED523CDE6CC}.Debug|x64.ActiveCfg = Debug|Any CPU
		{ADB20DBE-F88E-40E6-A104-2ED523CDE6CC}.Debug|x64.Build.0 = Debug|Any CPU
		{ADB20DBE-F88E-40E6-A104-2ED523CDE6CC}.Debug|x86.ActiveCfg = Debug|Any CPU
		{ADB20DBE-F88E-40E6-A104-2ED523CDE6CC}.Debug|x86.Build.0 = Debug|Any CPU
		{ADB20DBE-F88E-40E6-A104-2ED523CDE6CC}.Release|Any CPU.ActiveCfg = Release|Any CPU
		{ADB20DBE-F88E-40E6-A104-2ED523CDE6CC}.Release|Any CPU.Build.0 = Release|Any CPU
		{ADB20DBE-F88E-40E6-A104-2ED523CDE6CC}.Release|x64.ActiveCfg = Release|Any CPU
		{ADB20DBE-F88E-40E6-A104-2ED523CDE6CC}.Release|x64.Build.0 = Release|Any CPU
		{ADB20DBE-F88E-40E6-A104-2ED523CDE6CC}.Release|x86.ActiveCfg = Release|Any CPU
		{ADB20DBE-F88E-40E6-A104-2ED523CDE6CC}.Release|x86.Build.0 = Release|Any CPU
		{1A317F60-E266-4CA7-AC39-A602367D3755}.Debug|Any CPU.ActiveCfg = Debug|Any CPU
		{1A317F60-E266-4CA7-AC39-A602367D3755}.Debug|Any CPU.Build.0 = Debug|Any CPU
		{1A317F60-E266-4CA7-AC39-A602367D3755}.Debug|x64.ActiveCfg = Debug|Any CPU
		{1A317F60-E266-4CA7-AC39-A602367D3755}.Debug|x64.Build.0 = Debug|Any CPU
		{1A317F60-E266-4CA7-AC39-A602367D3755}.Debug|x86.ActiveCfg = Debug|Any CPU
		{1A317F60-E266-4CA7-AC39-A602367D3755}.Debug|x86.Build.0 = Debug|Any CPU
		{1A317F60-E266-4CA7-AC39-A602367D3755}.Release|Any CPU.ActiveCfg = Release|Any CPU
		{1A317F60-E266-4CA7-AC39-A602367D3755}.Release|Any CPU.Build.0 = Release|Any CPU
		{1A317F60-E266-4CA7-AC39-A602367D3755}.Release|x64.ActiveCfg = Release|Any CPU
		{1A317F60-E266-4CA7-AC39-A602367D3755}.Release|x64.Build.0 = Release|Any CPU
		{1A317F60-E266-4CA7-AC39-A602367D3755}.Release|x86.ActiveCfg = Release|Any CPU
		{1A317F60-E266-4CA7-AC39-A602367D3755}.Release|x86.Build.0 = Release|Any CPU
		{83F72723-D022-4D33-AE6A-679F80317EB5}.Debug|Any CPU.ActiveCfg = Debug|Any CPU
		{83F72723-D022-4D33-AE6A-679F80317EB5}.Debug|Any CPU.Build.0 = Debug|Any CPU
		{83F72723-D022-4D33-AE6A-679F80317EB5}.Debug|x64.ActiveCfg = Debug|Any CPU
		{83F72723-D022-4D33-AE6A-679F80317EB5}.Debug|x64.Build.0 = Debug|Any CPU
		{83F72723-D022-4D33-AE6A-679F80317EB5}.Debug|x86.ActiveCfg = Debug|Any CPU
		{83F72723-D022-4D33-AE6A-679F80317EB5}.Debug|x86.Build.0 = Debug|Any CPU
		{83F72723-D022-4D33-AE6A-679F80317EB5}.Release|Any CPU.ActiveCfg = Release|Any CPU
		{83F72723-D022-4D33-AE6A-679F80317EB5}.Release|Any CPU.Build.0 = Release|Any CPU
		{83F72723-D022-4D33-AE6A-679F80317EB5}.Release|x64.ActiveCfg = Release|Any CPU
		{83F72723-D022-4D33-AE6A-679F80317EB5}.Release|x64.Build.0 = Release|Any CPU
		{83F72723-D022-4D33-AE6A-679F80317EB5}.Release|x86.ActiveCfg = Release|Any CPU
		{83F72723-D022-4D33-AE6A-679F80317EB5}.Release|x86.Build.0 = Release|Any CPU
		{6EB7544D-F403-4A95-BBDB-6E3FBF4391A3}.Debug|Any CPU.ActiveCfg = Debug|Any CPU
		{6EB7544D-F403-4A95-BBDB-6E3FBF4391A3}.Debug|Any CPU.Build.0 = Debug|Any CPU
		{6EB7544D-F403-4A95-BBDB-6E3FBF4391A3}.Debug|x64.ActiveCfg = Debug|Any CPU
		{6EB7544D-F403-4A95-BBDB-6E3FBF4391A3}.Debug|x64.Build.0 = Debug|Any CPU
		{6EB7544D-F403-4A95-BBDB-6E3FBF4391A3}.Debug|x86.ActiveCfg = Debug|Any CPU
		{6EB7544D-F403-4A95-BBDB-6E3FBF4391A3}.Debug|x86.Build.0 = Debug|Any CPU
		{6EB7544D-F403-4A95-BBDB-6E3FBF4391A3}.Release|Any CPU.ActiveCfg = Release|Any CPU
		{6EB7544D-F403-4A95-BBDB-6E3FBF4391A3}.Release|Any CPU.Build.0 = Release|Any CPU
		{6EB7544D-F403-4A95-BBDB-6E3FBF4391A3}.Release|x64.ActiveCfg = Release|Any CPU
		{6EB7544D-F403-4A95-BBDB-6E3FBF4391A3}.Release|x64.Build.0 = Release|Any CPU
		{6EB7544D-F403-4A95-BBDB-6E3FBF4391A3}.Release|x86.ActiveCfg = Release|Any CPU
		{6EB7544D-F403-4A95-BBDB-6E3FBF4391A3}.Release|x86.Build.0 = Release|Any CPU
		{5C6367A8-82FB-4F97-930C-9E12B79D0E45}.Debug|Any CPU.ActiveCfg = Debug|Any CPU
		{5C6367A8-82FB-4F97-930C-9E12B79D0E45}.Debug|Any CPU.Build.0 = Debug|Any CPU
		{5C6367A8-82FB-4F97-930C-9E12B79D0E45}.Debug|x64.ActiveCfg = Debug|Any CPU
		{5C6367A8-82FB-4F97-930C-9E12B79D0E45}.Debug|x64.Build.0 = Debug|Any CPU
		{5C6367A8-82FB-4F97-930C-9E12B79D0E45}.Debug|x86.ActiveCfg = Debug|Any CPU
		{5C6367A8-82FB-4F97-930C-9E12B79D0E45}.Debug|x86.Build.0 = Debug|Any CPU
		{5C6367A8-82FB-4F97-930C-9E12B79D0E45}.Release|Any CPU.ActiveCfg = Release|Any CPU
		{5C6367A8-82FB-4F97-930C-9E12B79D0E45}.Release|Any CPU.Build.0 = Release|Any CPU
		{5C6367A8-82FB-4F97-930C-9E12B79D0E45}.Release|x64.ActiveCfg = Release|Any CPU
		{5C6367A8-82FB-4F97-930C-9E12B79D0E45}.Release|x64.Build.0 = Release|Any CPU
		{5C6367A8-82FB-4F97-930C-9E12B79D0E45}.Release|x86.ActiveCfg = Release|Any CPU
		{5C6367A8-82FB-4F97-930C-9E12B79D0E45}.Release|x86.Build.0 = Release|Any CPU
		{3219257B-6326-4439-B09C-4042D896ED81}.Debug|Any CPU.ActiveCfg = Debug|Any CPU
		{3219257B-6326-4439-B09C-4042D896ED81}.Debug|Any CPU.Build.0 = Debug|Any CPU
		{3219257B-6326-4439-B09C-4042D896ED81}.Debug|x64.ActiveCfg = Debug|Any CPU
		{3219257B-6326-4439-B09C-4042D896ED81}.Debug|x64.Build.0 = Debug|Any CPU
		{3219257B-6326-4439-B09C-4042D896ED81}.Debug|x86.ActiveCfg = Debug|Any CPU
		{3219257B-6326-4439-B09C-4042D896ED81}.Debug|x86.Build.0 = Debug|Any CPU
		{3219257B-6326-4439-B09C-4042D896ED81}.Release|Any CPU.ActiveCfg = Release|Any CPU
		{3219257B-6326-4439-B09C-4042D896ED81}.Release|Any CPU.Build.0 = Release|Any CPU
		{3219257B-6326-4439-B09C-4042D896ED81}.Release|x64.ActiveCfg = Release|Any CPU
		{3219257B-6326-4439-B09C-4042D896ED81}.Release|x64.Build.0 = Release|Any CPU
		{3219257B-6326-4439-B09C-4042D896ED81}.Release|x86.ActiveCfg = Release|Any CPU
		{3219257B-6326-4439-B09C-4042D896ED81}.Release|x86.Build.0 = Release|Any CPU
		{BA3B5851-F32A-4C8B-86AC-64E208880129}.Debug|Any CPU.ActiveCfg = Debug|Any CPU
		{BA3B5851-F32A-4C8B-86AC-64E208880129}.Debug|Any CPU.Build.0 = Debug|Any CPU
		{BA3B5851-F32A-4C8B-86AC-64E208880129}.Debug|x64.ActiveCfg = Debug|Any CPU
		{BA3B5851-F32A-4C8B-86AC-64E208880129}.Debug|x64.Build.0 = Debug|Any CPU
		{BA3B5851-F32A-4C8B-86AC-64E208880129}.Debug|x86.ActiveCfg = Debug|Any CPU
		{BA3B5851-F32A-4C8B-86AC-64E208880129}.Debug|x86.Build.0 = Debug|Any CPU
		{BA3B5851-F32A-4C8B-86AC-64E208880129}.Release|Any CPU.ActiveCfg = Release|Any CPU
		{BA3B5851-F32A-4C8B-86AC-64E208880129}.Release|Any CPU.Build.0 = Release|Any CPU
		{BA3B5851-F32A-4C8B-86AC-64E208880129}.Release|x64.ActiveCfg = Release|Any CPU
		{BA3B5851-F32A-4C8B-86AC-64E208880129}.Release|x64.Build.0 = Release|Any CPU
		{BA3B5851-F32A-4C8B-86AC-64E208880129}.Release|x86.ActiveCfg = Release|Any CPU
		{BA3B5851-F32A-4C8B-86AC-64E208880129}.Release|x86.Build.0 = Release|Any CPU
		{C179A6B9-7DE6-4BF7-A0E4-1F23BB3B0D1A}.Debug|Any CPU.ActiveCfg = Debug|Any CPU
		{C179A6B9-7DE6-4BF7-A0E4-1F23BB3B0D1A}.Debug|Any CPU.Build.0 = Debug|Any CPU
		{C179A6B9-7DE6-4BF7-A0E4-1F23BB3B0D1A}.Debug|x64.ActiveCfg = Debug|Any CPU
		{C179A6B9-7DE6-4BF7-A0E4-1F23BB3B0D1A}.Debug|x64.Build.0 = Debug|Any CPU
		{C179A6B9-7DE6-4BF7-A0E4-1F23BB3B0D1A}.Debug|x86.ActiveCfg = Debug|Any CPU
		{C179A6B9-7DE6-4BF7-A0E4-1F23BB3B0D1A}.Debug|x86.Build.0 = Debug|Any CPU
		{C179A6B9-7DE6-4BF7-A0E4-1F23BB3B0D1A}.Release|Any CPU.ActiveCfg = Release|Any CPU
		{C179A6B9-7DE6-4BF7-A0E4-1F23BB3B0D1A}.Release|Any CPU.Build.0 = Release|Any CPU
		{C179A6B9-7DE6-4BF7-A0E4-1F23BB3B0D1A}.Release|x64.ActiveCfg = Release|Any CPU
		{C179A6B9-7DE6-4BF7-A0E4-1F23BB3B0D1A}.Release|x64.Build.0 = Release|Any CPU
		{C179A6B9-7DE6-4BF7-A0E4-1F23BB3B0D1A}.Release|x86.ActiveCfg = Release|Any CPU
		{C179A6B9-7DE6-4BF7-A0E4-1F23BB3B0D1A}.Release|x86.Build.0 = Release|Any CPU
		{B591BAB4-BA84-4AAD-9720-C7853F622D29}.Debug|Any CPU.ActiveCfg = Debug|Any CPU
		{B591BAB4-BA84-4AAD-9720-C7853F622D29}.Debug|Any CPU.Build.0 = Debug|Any CPU
		{B591BAB4-BA84-4AAD-9720-C7853F622D29}.Debug|x64.ActiveCfg = Debug|Any CPU
		{B591BAB4-BA84-4AAD-9720-C7853F622D29}.Debug|x64.Build.0 = Debug|Any CPU
		{B591BAB4-BA84-4AAD-9720-C7853F622D29}.Debug|x86.ActiveCfg = Debug|Any CPU
		{B591BAB4-BA84-4AAD-9720-C7853F622D29}.Debug|x86.Build.0 = Debug|Any CPU
		{B591BAB4-BA84-4AAD-9720-C7853F622D29}.Release|Any CPU.ActiveCfg = Release|Any CPU
		{B591BAB4-BA84-4AAD-9720-C7853F622D29}.Release|Any CPU.Build.0 = Release|Any CPU
		{B591BAB4-BA84-4AAD-9720-C7853F622D29}.Release|x64.ActiveCfg = Release|Any CPU
		{B591BAB4-BA84-4AAD-9720-C7853F622D29}.Release|x64.Build.0 = Release|Any CPU
		{B591BAB4-BA84-4AAD-9720-C7853F622D29}.Release|x86.ActiveCfg = Release|Any CPU
		{B591BAB4-BA84-4AAD-9720-C7853F622D29}.Release|x86.Build.0 = Release|Any CPU
		{2A490225-0EAB-495B-B0C7-36B9B4309048}.Debug|Any CPU.ActiveCfg = Debug|Any CPU
		{2A490225-0EAB-495B-B0C7-36B9B4309048}.Debug|Any CPU.Build.0 = Debug|Any CPU
		{2A490225-0EAB-495B-B0C7-36B9B4309048}.Debug|x64.ActiveCfg = Debug|Any CPU
		{2A490225-0EAB-495B-B0C7-36B9B4309048}.Debug|x64.Build.0 = Debug|Any CPU
		{2A490225-0EAB-495B-B0C7-36B9B4309048}.Debug|x86.ActiveCfg = Debug|Any CPU
		{2A490225-0EAB-495B-B0C7-36B9B4309048}.Debug|x86.Build.0 = Debug|Any CPU
		{2A490225-0EAB-495B-B0C7-36B9B4309048}.Release|Any CPU.ActiveCfg = Release|Any CPU
		{2A490225-0EAB-495B-B0C7-36B9B4309048}.Release|Any CPU.Build.0 = Release|Any CPU
		{2A490225-0EAB-495B-B0C7-36B9B4309048}.Release|x64.ActiveCfg = Release|Any CPU
		{2A490225-0EAB-495B-B0C7-36B9B4309048}.Release|x64.Build.0 = Release|Any CPU
		{2A490225-0EAB-495B-B0C7-36B9B4309048}.Release|x86.ActiveCfg = Release|Any CPU
		{2A490225-0EAB-495B-B0C7-36B9B4309048}.Release|x86.Build.0 = Release|Any CPU
		{BD694FA8-9A83-4ECB-B1AC-AB8EE83297DD}.Debug|Any CPU.ActiveCfg = Debug|Any CPU
		{BD694FA8-9A83-4ECB-B1AC-AB8EE83297DD}.Debug|Any CPU.Build.0 = Debug|Any CPU
		{BD694FA8-9A83-4ECB-B1AC-AB8EE83297DD}.Debug|x64.ActiveCfg = Debug|Any CPU
		{BD694FA8-9A83-4ECB-B1AC-AB8EE83297DD}.Debug|x64.Build.0 = Debug|Any CPU
		{BD694FA8-9A83-4ECB-B1AC-AB8EE83297DD}.Debug|x86.ActiveCfg = Debug|Any CPU
		{BD694FA8-9A83-4ECB-B1AC-AB8EE83297DD}.Debug|x86.Build.0 = Debug|Any CPU
		{BD694FA8-9A83-4ECB-B1AC-AB8EE83297DD}.Release|Any CPU.ActiveCfg = Release|Any CPU
		{BD694FA8-9A83-4ECB-B1AC-AB8EE83297DD}.Release|Any CPU.Build.0 = Release|Any CPU
		{BD694FA8-9A83-4ECB-B1AC-AB8EE83297DD}.Release|x64.ActiveCfg = Release|Any CPU
		{BD694FA8-9A83-4ECB-B1AC-AB8EE83297DD}.Release|x64.Build.0 = Release|Any CPU
		{BD694FA8-9A83-4ECB-B1AC-AB8EE83297DD}.Release|x86.ActiveCfg = Release|Any CPU
		{BD694FA8-9A83-4ECB-B1AC-AB8EE83297DD}.Release|x86.Build.0 = Release|Any CPU
		{0239AB31-856C-429B-8E2D-E14DFF324EE9}.Debug|Any CPU.ActiveCfg = Debug|Any CPU
		{0239AB31-856C-429B-8E2D-E14DFF324EE9}.Debug|Any CPU.Build.0 = Debug|Any CPU
		{0239AB31-856C-429B-8E2D-E14DFF324EE9}.Debug|x64.ActiveCfg = Debug|Any CPU
		{0239AB31-856C-429B-8E2D-E14DFF324EE9}.Debug|x64.Build.0 = Debug|Any CPU
		{0239AB31-856C-429B-8E2D-E14DFF324EE9}.Debug|x86.ActiveCfg = Debug|Any CPU
		{0239AB31-856C-429B-8E2D-E14DFF324EE9}.Debug|x86.Build.0 = Debug|Any CPU
		{0239AB31-856C-429B-8E2D-E14DFF324EE9}.Release|Any CPU.ActiveCfg = Release|Any CPU
		{0239AB31-856C-429B-8E2D-E14DFF324EE9}.Release|Any CPU.Build.0 = Release|Any CPU
		{0239AB31-856C-429B-8E2D-E14DFF324EE9}.Release|x64.ActiveCfg = Release|Any CPU
		{0239AB31-856C-429B-8E2D-E14DFF324EE9}.Release|x64.Build.0 = Release|Any CPU
		{0239AB31-856C-429B-8E2D-E14DFF324EE9}.Release|x86.ActiveCfg = Release|Any CPU
		{0239AB31-856C-429B-8E2D-E14DFF324EE9}.Release|x86.Build.0 = Release|Any CPU
		{15549C1F-E309-46C9-9EB8-C19BEE47E020}.Debug|Any CPU.ActiveCfg = Debug|Any CPU
		{15549C1F-E309-46C9-9EB8-C19BEE47E020}.Debug|Any CPU.Build.0 = Debug|Any CPU
		{15549C1F-E309-46C9-9EB8-C19BEE47E020}.Debug|x64.ActiveCfg = Debug|Any CPU
		{15549C1F-E309-46C9-9EB8-C19BEE47E020}.Debug|x64.Build.0 = Debug|Any CPU
		{15549C1F-E309-46C9-9EB8-C19BEE47E020}.Debug|x86.ActiveCfg = Debug|Any CPU
		{15549C1F-E309-46C9-9EB8-C19BEE47E020}.Debug|x86.Build.0 = Debug|Any CPU
		{15549C1F-E309-46C9-9EB8-C19BEE47E020}.Release|Any CPU.ActiveCfg = Release|Any CPU
		{15549C1F-E309-46C9-9EB8-C19BEE47E020}.Release|Any CPU.Build.0 = Release|Any CPU
		{15549C1F-E309-46C9-9EB8-C19BEE47E020}.Release|x64.ActiveCfg = Release|Any CPU
		{15549C1F-E309-46C9-9EB8-C19BEE47E020}.Release|x64.Build.0 = Release|Any CPU
		{15549C1F-E309-46C9-9EB8-C19BEE47E020}.Release|x86.ActiveCfg = Release|Any CPU
		{15549C1F-E309-46C9-9EB8-C19BEE47E020}.Release|x86.Build.0 = Release|Any CPU
		{71AA4F48-1BD3-4631-A406-43F3DD94B55F}.Debug|Any CPU.ActiveCfg = Debug|Any CPU
		{71AA4F48-1BD3-4631-A406-43F3DD94B55F}.Debug|Any CPU.Build.0 = Debug|Any CPU
		{71AA4F48-1BD3-4631-A406-43F3DD94B55F}.Debug|x64.ActiveCfg = Debug|Any CPU
		{71AA4F48-1BD3-4631-A406-43F3DD94B55F}.Debug|x64.Build.0 = Debug|Any CPU
		{71AA4F48-1BD3-4631-A406-43F3DD94B55F}.Debug|x86.ActiveCfg = Debug|Any CPU
		{71AA4F48-1BD3-4631-A406-43F3DD94B55F}.Debug|x86.Build.0 = Debug|Any CPU
		{71AA4F48-1BD3-4631-A406-43F3DD94B55F}.Release|Any CPU.ActiveCfg = Release|Any CPU
		{71AA4F48-1BD3-4631-A406-43F3DD94B55F}.Release|Any CPU.Build.0 = Release|Any CPU
		{71AA4F48-1BD3-4631-A406-43F3DD94B55F}.Release|x64.ActiveCfg = Release|Any CPU
		{71AA4F48-1BD3-4631-A406-43F3DD94B55F}.Release|x64.Build.0 = Release|Any CPU
		{71AA4F48-1BD3-4631-A406-43F3DD94B55F}.Release|x86.ActiveCfg = Release|Any CPU
		{71AA4F48-1BD3-4631-A406-43F3DD94B55F}.Release|x86.Build.0 = Release|Any CPU
		{01453DF8-E1A8-47EB-A6D2-752B70A74A20}.Debug|Any CPU.ActiveCfg = Debug|Any CPU
		{01453DF8-E1A8-47EB-A6D2-752B70A74A20}.Debug|Any CPU.Build.0 = Debug|Any CPU
		{01453DF8-E1A8-47EB-A6D2-752B70A74A20}.Debug|x64.ActiveCfg = Debug|Any CPU
		{01453DF8-E1A8-47EB-A6D2-752B70A74A20}.Debug|x64.Build.0 = Debug|Any CPU
		{01453DF8-E1A8-47EB-A6D2-752B70A74A20}.Debug|x86.ActiveCfg = Debug|Any CPU
		{01453DF8-E1A8-47EB-A6D2-752B70A74A20}.Debug|x86.Build.0 = Debug|Any CPU
		{01453DF8-E1A8-47EB-A6D2-752B70A74A20}.Release|Any CPU.ActiveCfg = Release|Any CPU
		{01453DF8-E1A8-47EB-A6D2-752B70A74A20}.Release|Any CPU.Build.0 = Release|Any CPU
		{01453DF8-E1A8-47EB-A6D2-752B70A74A20}.Release|x64.ActiveCfg = Release|Any CPU
		{01453DF8-E1A8-47EB-A6D2-752B70A74A20}.Release|x64.Build.0 = Release|Any CPU
		{01453DF8-E1A8-47EB-A6D2-752B70A74A20}.Release|x86.ActiveCfg = Release|Any CPU
		{01453DF8-E1A8-47EB-A6D2-752B70A74A20}.Release|x86.Build.0 = Release|Any CPU
		{DD4D4F96-7B47-4F76-A98A-18F0E63525D8}.Debug|Any CPU.ActiveCfg = Debug|Any CPU
		{DD4D4F96-7B47-4F76-A98A-18F0E63525D8}.Debug|Any CPU.Build.0 = Debug|Any CPU
		{DD4D4F96-7B47-4F76-A98A-18F0E63525D8}.Debug|x64.ActiveCfg = Debug|Any CPU
		{DD4D4F96-7B47-4F76-A98A-18F0E63525D8}.Debug|x64.Build.0 = Debug|Any CPU
		{DD4D4F96-7B47-4F76-A98A-18F0E63525D8}.Debug|x86.ActiveCfg = Debug|Any CPU
		{DD4D4F96-7B47-4F76-A98A-18F0E63525D8}.Debug|x86.Build.0 = Debug|Any CPU
		{DD4D4F96-7B47-4F76-A98A-18F0E63525D8}.Release|Any CPU.ActiveCfg = Release|Any CPU
		{DD4D4F96-7B47-4F76-A98A-18F0E63525D8}.Release|Any CPU.Build.0 = Release|Any CPU
		{DD4D4F96-7B47-4F76-A98A-18F0E63525D8}.Release|x64.ActiveCfg = Release|Any CPU
		{DD4D4F96-7B47-4F76-A98A-18F0E63525D8}.Release|x64.Build.0 = Release|Any CPU
		{DD4D4F96-7B47-4F76-A98A-18F0E63525D8}.Release|x86.ActiveCfg = Release|Any CPU
		{DD4D4F96-7B47-4F76-A98A-18F0E63525D8}.Release|x86.Build.0 = Release|Any CPU
		{2F227A33-92A1-4E9E-A869-0BFE1FA6494B}.Debug|Any CPU.ActiveCfg = Debug|Any CPU
		{2F227A33-92A1-4E9E-A869-0BFE1FA6494B}.Debug|Any CPU.Build.0 = Debug|Any CPU
		{2F227A33-92A1-4E9E-A869-0BFE1FA6494B}.Debug|x64.ActiveCfg = Debug|Any CPU
		{2F227A33-92A1-4E9E-A869-0BFE1FA6494B}.Debug|x64.Build.0 = Debug|Any CPU
		{2F227A33-92A1-4E9E-A869-0BFE1FA6494B}.Debug|x86.ActiveCfg = Debug|Any CPU
		{2F227A33-92A1-4E9E-A869-0BFE1FA6494B}.Debug|x86.Build.0 = Debug|Any CPU
		{2F227A33-92A1-4E9E-A869-0BFE1FA6494B}.Release|Any CPU.ActiveCfg = Release|Any CPU
		{2F227A33-92A1-4E9E-A869-0BFE1FA6494B}.Release|Any CPU.Build.0 = Release|Any CPU
		{2F227A33-92A1-4E9E-A869-0BFE1FA6494B}.Release|x64.ActiveCfg = Release|Any CPU
		{2F227A33-92A1-4E9E-A869-0BFE1FA6494B}.Release|x64.Build.0 = Release|Any CPU
		{2F227A33-92A1-4E9E-A869-0BFE1FA6494B}.Release|x86.ActiveCfg = Release|Any CPU
		{2F227A33-92A1-4E9E-A869-0BFE1FA6494B}.Release|x86.Build.0 = Release|Any CPU
		{3AE6D6FF-E635-4CB7-ACE5-47A9B624CDCE}.Debug|Any CPU.ActiveCfg = Debug|Any CPU
		{3AE6D6FF-E635-4CB7-ACE5-47A9B624CDCE}.Debug|Any CPU.Build.0 = Debug|Any CPU
		{3AE6D6FF-E635-4CB7-ACE5-47A9B624CDCE}.Debug|x64.ActiveCfg = Debug|Any CPU
		{3AE6D6FF-E635-4CB7-ACE5-47A9B624CDCE}.Debug|x64.Build.0 = Debug|Any CPU
		{3AE6D6FF-E635-4CB7-ACE5-47A9B624CDCE}.Debug|x86.ActiveCfg = Debug|Any CPU
		{3AE6D6FF-E635-4CB7-ACE5-47A9B624CDCE}.Debug|x86.Build.0 = Debug|Any CPU
		{3AE6D6FF-E635-4CB7-ACE5-47A9B624CDCE}.Release|Any CPU.ActiveCfg = Release|Any CPU
		{3AE6D6FF-E635-4CB7-ACE5-47A9B624CDCE}.Release|Any CPU.Build.0 = Release|Any CPU
		{3AE6D6FF-E635-4CB7-ACE5-47A9B624CDCE}.Release|x64.ActiveCfg = Release|Any CPU
		{3AE6D6FF-E635-4CB7-ACE5-47A9B624CDCE}.Release|x64.Build.0 = Release|Any CPU
		{3AE6D6FF-E635-4CB7-ACE5-47A9B624CDCE}.Release|x86.ActiveCfg = Release|Any CPU
		{3AE6D6FF-E635-4CB7-ACE5-47A9B624CDCE}.Release|x86.Build.0 = Release|Any CPU
		{E7C481C3-4CCE-4CAA-BEF5-6E4ED30C2BE3}.Debug|Any CPU.ActiveCfg = Debug|Any CPU
		{E7C481C3-4CCE-4CAA-BEF5-6E4ED30C2BE3}.Debug|Any CPU.Build.0 = Debug|Any CPU
		{E7C481C3-4CCE-4CAA-BEF5-6E4ED30C2BE3}.Debug|x64.ActiveCfg = Debug|Any CPU
		{E7C481C3-4CCE-4CAA-BEF5-6E4ED30C2BE3}.Debug|x64.Build.0 = Debug|Any CPU
		{E7C481C3-4CCE-4CAA-BEF5-6E4ED30C2BE3}.Debug|x86.ActiveCfg = Debug|Any CPU
		{E7C481C3-4CCE-4CAA-BEF5-6E4ED30C2BE3}.Debug|x86.Build.0 = Debug|Any CPU
		{E7C481C3-4CCE-4CAA-BEF5-6E4ED30C2BE3}.Release|Any CPU.ActiveCfg = Release|Any CPU
		{E7C481C3-4CCE-4CAA-BEF5-6E4ED30C2BE3}.Release|Any CPU.Build.0 = Release|Any CPU
		{E7C481C3-4CCE-4CAA-BEF5-6E4ED30C2BE3}.Release|x64.ActiveCfg = Release|Any CPU
		{E7C481C3-4CCE-4CAA-BEF5-6E4ED30C2BE3}.Release|x64.Build.0 = Release|Any CPU
		{E7C481C3-4CCE-4CAA-BEF5-6E4ED30C2BE3}.Release|x86.ActiveCfg = Release|Any CPU
		{E7C481C3-4CCE-4CAA-BEF5-6E4ED30C2BE3}.Release|x86.Build.0 = Release|Any CPU
		{D9A0011B-7A24-49D4-A603-3F8769299E47}.Debug|Any CPU.ActiveCfg = Debug|Any CPU
		{D9A0011B-7A24-49D4-A603-3F8769299E47}.Debug|Any CPU.Build.0 = Debug|Any CPU
		{D9A0011B-7A24-49D4-A603-3F8769299E47}.Debug|x64.ActiveCfg = Debug|Any CPU
		{D9A0011B-7A24-49D4-A603-3F8769299E47}.Debug|x64.Build.0 = Debug|Any CPU
		{D9A0011B-7A24-49D4-A603-3F8769299E47}.Debug|x86.ActiveCfg = Debug|Any CPU
		{D9A0011B-7A24-49D4-A603-3F8769299E47}.Debug|x86.Build.0 = Debug|Any CPU
		{D9A0011B-7A24-49D4-A603-3F8769299E47}.Release|Any CPU.ActiveCfg = Release|Any CPU
		{D9A0011B-7A24-49D4-A603-3F8769299E47}.Release|Any CPU.Build.0 = Release|Any CPU
		{D9A0011B-7A24-49D4-A603-3F8769299E47}.Release|x64.ActiveCfg = Release|Any CPU
		{D9A0011B-7A24-49D4-A603-3F8769299E47}.Release|x64.Build.0 = Release|Any CPU
		{D9A0011B-7A24-49D4-A603-3F8769299E47}.Release|x86.ActiveCfg = Release|Any CPU
		{D9A0011B-7A24-49D4-A603-3F8769299E47}.Release|x86.Build.0 = Release|Any CPU
		{8780F69E-751E-4F78-BA0C-6FA5DD37526B}.Debug|Any CPU.ActiveCfg = Debug|Any CPU
		{8780F69E-751E-4F78-BA0C-6FA5DD37526B}.Debug|Any CPU.Build.0 = Debug|Any CPU
		{8780F69E-751E-4F78-BA0C-6FA5DD37526B}.Debug|x64.ActiveCfg = Debug|Any CPU
		{8780F69E-751E-4F78-BA0C-6FA5DD37526B}.Debug|x64.Build.0 = Debug|Any CPU
		{8780F69E-751E-4F78-BA0C-6FA5DD37526B}.Debug|x86.ActiveCfg = Debug|Any CPU
		{8780F69E-751E-4F78-BA0C-6FA5DD37526B}.Debug|x86.Build.0 = Debug|Any CPU
		{8780F69E-751E-4F78-BA0C-6FA5DD37526B}.Release|Any CPU.ActiveCfg = Release|Any CPU
		{8780F69E-751E-4F78-BA0C-6FA5DD37526B}.Release|Any CPU.Build.0 = Release|Any CPU
		{8780F69E-751E-4F78-BA0C-6FA5DD37526B}.Release|x64.ActiveCfg = Release|Any CPU
		{8780F69E-751E-4F78-BA0C-6FA5DD37526B}.Release|x64.Build.0 = Release|Any CPU
		{8780F69E-751E-4F78-BA0C-6FA5DD37526B}.Release|x86.ActiveCfg = Release|Any CPU
		{8780F69E-751E-4F78-BA0C-6FA5DD37526B}.Release|x86.Build.0 = Release|Any CPU
		{F0E1076A-99F6-4AE7-9273-E90991B667F7}.Debug|Any CPU.ActiveCfg = Debug|Any CPU
		{F0E1076A-99F6-4AE7-9273-E90991B667F7}.Debug|Any CPU.Build.0 = Debug|Any CPU
		{F0E1076A-99F6-4AE7-9273-E90991B667F7}.Debug|x64.ActiveCfg = Debug|Any CPU
		{F0E1076A-99F6-4AE7-9273-E90991B667F7}.Debug|x64.Build.0 = Debug|Any CPU
		{F0E1076A-99F6-4AE7-9273-E90991B667F7}.Debug|x86.ActiveCfg = Debug|Any CPU
		{F0E1076A-99F6-4AE7-9273-E90991B667F7}.Debug|x86.Build.0 = Debug|Any CPU
		{F0E1076A-99F6-4AE7-9273-E90991B667F7}.Release|Any CPU.ActiveCfg = Release|Any CPU
		{F0E1076A-99F6-4AE7-9273-E90991B667F7}.Release|Any CPU.Build.0 = Release|Any CPU
		{F0E1076A-99F6-4AE7-9273-E90991B667F7}.Release|x64.ActiveCfg = Release|Any CPU
		{F0E1076A-99F6-4AE7-9273-E90991B667F7}.Release|x64.Build.0 = Release|Any CPU
		{F0E1076A-99F6-4AE7-9273-E90991B667F7}.Release|x86.ActiveCfg = Release|Any CPU
		{F0E1076A-99F6-4AE7-9273-E90991B667F7}.Release|x86.Build.0 = Release|Any CPU
		{04DB4CB3-7EB9-49C5-80E6-438C864EA644}.Debug|Any CPU.ActiveCfg = Debug|Any CPU
		{04DB4CB3-7EB9-49C5-80E6-438C864EA644}.Debug|Any CPU.Build.0 = Debug|Any CPU
		{04DB4CB3-7EB9-49C5-80E6-438C864EA644}.Debug|x64.ActiveCfg = Debug|Any CPU
		{04DB4CB3-7EB9-49C5-80E6-438C864EA644}.Debug|x64.Build.0 = Debug|Any CPU
		{04DB4CB3-7EB9-49C5-80E6-438C864EA644}.Debug|x86.ActiveCfg = Debug|Any CPU
		{04DB4CB3-7EB9-49C5-80E6-438C864EA644}.Debug|x86.Build.0 = Debug|Any CPU
		{04DB4CB3-7EB9-49C5-80E6-438C864EA644}.Release|Any CPU.ActiveCfg = Release|Any CPU
		{04DB4CB3-7EB9-49C5-80E6-438C864EA644}.Release|Any CPU.Build.0 = Release|Any CPU
		{04DB4CB3-7EB9-49C5-80E6-438C864EA644}.Release|x64.ActiveCfg = Release|Any CPU
		{04DB4CB3-7EB9-49C5-80E6-438C864EA644}.Release|x64.Build.0 = Release|Any CPU
		{04DB4CB3-7EB9-49C5-80E6-438C864EA644}.Release|x86.ActiveCfg = Release|Any CPU
		{04DB4CB3-7EB9-49C5-80E6-438C864EA644}.Release|x86.Build.0 = Release|Any CPU
	EndGlobalSection
	GlobalSection(SolutionProperties) = preSolution
		HideSolutionNode = FALSE
	EndGlobalSection
EndGlobal
